// !$*UTF8*$!
{
	archiveVersion = 1;
	classes = {
	};
	objectVersion = 48;
	objects = {

/* Begin PBXBuildFile section */
		33084A191FE1021D009672BC /* LDStickerView.swift in Sources */ = {isa = PBXBuildFile; fileRef = 33084A181FE1021D009672BC /* LDStickerView.swift */; };
		33084A1A1FE10747009672BC /* ico_ keyboard.png in Resources */ = {isa = PBXBuildFile; fileRef = AE6A5A101FD69BE000F59033 /* ico_ keyboard.png */; };
		33084A1B1FE1074F009672BC /* ico_bold_checked.png in Resources */ = {isa = PBXBuildFile; fileRef = AE6A5A021FD69BD400F59033 /* ico_bold_checked.png */; };
		33084A1C1FE10758009672BC /* ico_complete_checked.png in Resources */ = {isa = PBXBuildFile; fileRef = AE6A5A111FD69BE100F59033 /* ico_complete_checked.png */; };
		33084A211FE107DA009672BC /* ico_complete_unchecked.png in Resources */ = {isa = PBXBuildFile; fileRef = 33084A1D1FE107D9009672BC /* ico_complete_unchecked.png */; };
		33084A221FE107DA009672BC /* ico_draft.png in Resources */ = {isa = PBXBuildFile; fileRef = 33084A1E1FE107D9009672BC /* ico_draft.png */; };
		33084A231FE107DA009672BC /* ico_right_unchecked.png in Resources */ = {isa = PBXBuildFile; fileRef = 33084A1F1FE107D9009672BC /* ico_right_unchecked.png */; };
		33084A241FE107DA009672BC /* ico_right_checked.png in Resources */ = {isa = PBXBuildFile; fileRef = 33084A201FE107D9009672BC /* ico_right_checked.png */; };
		33084A2D1FE107E2009672BC /* text_01.png in Resources */ = {isa = PBXBuildFile; fileRef = 33084A261FE107E2009672BC /* text_01.png */; };
		33084A2E1FE107E2009672BC /* text_02.png in Resources */ = {isa = PBXBuildFile; fileRef = 33084A271FE107E2009672BC /* text_02.png */; };
		33084A2F1FE107E2009672BC /* text_03.png in Resources */ = {isa = PBXBuildFile; fileRef = 33084A281FE107E2009672BC /* text_03.png */; };
		33084A301FE107E2009672BC /* text_04.png in Resources */ = {isa = PBXBuildFile; fileRef = 33084A291FE107E2009672BC /* text_04.png */; };
		33084A311FE107E2009672BC /* text_05.png in Resources */ = {isa = PBXBuildFile; fileRef = 33084A2A1FE107E2009672BC /* text_05.png */; };
		33084A321FE107E2009672BC /* text_06.png in Resources */ = {isa = PBXBuildFile; fileRef = 33084A2B1FE107E2009672BC /* text_06.png */; };
		33084A331FE107E2009672BC /* text_07.png in Resources */ = {isa = PBXBuildFile; fileRef = 33084A2C1FE107E2009672BC /* text_07.png */; };
		339814A01F85F60B006810D8 /* icon_plus.png in Resources */ = {isa = PBXBuildFile; fileRef = 3398149D1F85F60B006810D8 /* icon_plus.png */; };
		339814A11F85F60B006810D8 /* minus.png in Resources */ = {isa = PBXBuildFile; fileRef = 3398149E1F85F60B006810D8 /* minus.png */; };
		339814A21F85F60B006810D8 /* notes.png in Resources */ = {isa = PBXBuildFile; fileRef = 3398149F1F85F60B006810D8 /* notes.png */; };
		339814A41F85F70C006810D8 /* font.png in Resources */ = {isa = PBXBuildFile; fileRef = 339814A31F85F70C006810D8 /* font.png */; };
		339814A61F85F966006810D8 /* picture-icon.png in Resources */ = {isa = PBXBuildFile; fileRef = 339814A51F85F966006810D8 /* picture-icon.png */; };
		33C8DA431F7B6793005E4211 /* CoreDataStack.swift in Sources */ = {isa = PBXBuildFile; fileRef = 33C8DA421F7B6793005E4211 /* CoreDataStack.swift */; };
		33C8DA451F7B698A005E4211 /* dataModel.swift in Sources */ = {isa = PBXBuildFile; fileRef = 33C8DA441F7B698A005E4211 /* dataModel.swift */; };
		980F8231505709F5F2347C25 /* Pods_MemobirdDiary.framework in Frameworks */ = {isa = PBXBuildFile; fileRef = F266EBC1D71239A84896CFC7 /* Pods_MemobirdDiary.framework */; };
		AE67DE6B1F752881007A3B76 /* AppDelegate.swift in Sources */ = {isa = PBXBuildFile; fileRef = AE67DE6A1F752881007A3B76 /* AppDelegate.swift */; };
		AE67DE6D1F752881007A3B76 /* ViewController.swift in Sources */ = {isa = PBXBuildFile; fileRef = AE67DE6C1F752881007A3B76 /* ViewController.swift */; };
		AE67DE701F752881007A3B76 /* Main.storyboard in Resources */ = {isa = PBXBuildFile; fileRef = AE67DE6E1F752881007A3B76 /* Main.storyboard */; };
		AE67DE731F752881007A3B76 /* MemobirdDiary.xcdatamodeld in Sources */ = {isa = PBXBuildFile; fileRef = AE67DE711F752881007A3B76 /* MemobirdDiary.xcdatamodeld */; };
		AE67DE751F752881007A3B76 /* Assets.xcassets in Resources */ = {isa = PBXBuildFile; fileRef = AE67DE741F752881007A3B76 /* Assets.xcassets */; };
		AE67DE781F752881007A3B76 /* LaunchScreen.storyboard in Resources */ = {isa = PBXBuildFile; fileRef = AE67DE761F752881007A3B76 /* LaunchScreen.storyboard */; };
		AE67DE831F752881007A3B76 /* MemobirdDiaryTests.swift in Sources */ = {isa = PBXBuildFile; fileRef = AE67DE821F752881007A3B76 /* MemobirdDiaryTests.swift */; };
		AE67DE8E1F752881007A3B76 /* MemobirdDiaryUITests.swift in Sources */ = {isa = PBXBuildFile; fileRef = AE67DE8D1F752881007A3B76 /* MemobirdDiaryUITests.swift */; };
		AE70D1761FB4602000AAC3EB /* CropViewController.swift in Sources */ = {isa = PBXBuildFile; fileRef = AE70D16F1FB45F9100AAC3EB /* CropViewController.swift */; };
		AE70D1771FB4602800AAC3EB /* CropView.swift in Sources */ = {isa = PBXBuildFile; fileRef = AE70D16D1FB45F9100AAC3EB /* CropView.swift */; };
		AE70D1781FB4602D00AAC3EB /* CropRectView.swift in Sources */ = {isa = PBXBuildFile; fileRef = AE70D16C1FB45F9100AAC3EB /* CropRectView.swift */; };
		AE70D1791FB4603300AAC3EB /* ResizeControl.swift in Sources */ = {isa = PBXBuildFile; fileRef = AE70D1741FB45F9100AAC3EB /* ResizeControl.swift */; };
		AE70D17A1FB4603500AAC3EB /* UIImage+Crop.swift in Sources */ = {isa = PBXBuildFile; fileRef = AE70D1751FB45F9100AAC3EB /* UIImage+Crop.swift */; };
		AE8E67161FB18D4100452792 /* ExportFiltersViewController.swift in Sources */ = {isa = PBXBuildFile; fileRef = AE8E67151FB18D4100452792 /* ExportFiltersViewController.swift */; };
		AE986D101FB068F600FCEDF7 /* Foundation Extensions.swift in Sources */ = {isa = PBXBuildFile; fileRef = AE986D0F1FB068EE00FCEDF7 /* Foundation Extensions.swift */; };
		AE986D131FB0690B00FCEDF7 /* ColorControlManager.swift in Sources */ = {isa = PBXBuildFile; fileRef = AE986D121FB0690B00FCEDF7 /* ColorControlManager.swift */; };
		AE986D181FB0691400FCEDF7 /* Saturationable.swift in Sources */ = {isa = PBXBuildFile; fileRef = AE986D141FB0691400FCEDF7 /* Saturationable.swift */; };
		AE986D191FB0691400FCEDF7 /* Brightnessable.swift in Sources */ = {isa = PBXBuildFile; fileRef = AE986D151FB0691400FCEDF7 /* Brightnessable.swift */; };
		AE986D1A1FB0691400FCEDF7 /* Processable.swift in Sources */ = {isa = PBXBuildFile; fileRef = AE986D161FB0691400FCEDF7 /* Processable.swift */; };
		AE986D1B1FB0691400FCEDF7 /* Contrastable.swift in Sources */ = {isa = PBXBuildFile; fileRef = AE986D171FB0691400FCEDF7 /* Contrastable.swift */; };
		AE986D251FB07A6900FCEDF7 /* PhotoFilterCollectionViewCell.swift in Sources */ = {isa = PBXBuildFile; fileRef = AE986D231FB07A6800FCEDF7 /* PhotoFilterCollectionViewCell.swift */; };
		AE986D261FB07A6900FCEDF7 /* PhotoFilterViewController.swift in Sources */ = {isa = PBXBuildFile; fileRef = AE986D241FB07A6800FCEDF7 /* PhotoFilterViewController.swift */; };
		AE986D291FB07A7200FCEDF7 /* ScalarFilterParameter.swift in Sources */ = {isa = PBXBuildFile; fileRef = AE986D271FB07A7100FCEDF7 /* ScalarFilterParameter.swift */; };
		AE986D2A1FB07A7200FCEDF7 /* FilteredImageView.swift in Sources */ = {isa = PBXBuildFile; fileRef = AE986D281FB07A7200FCEDF7 /* FilteredImageView.swift */; };
		AE986D301FB07BC000FCEDF7 /* LabeledSliderView.swift in Sources */ = {isa = PBXBuildFile; fileRef = AE986D2C1FB07BBF00FCEDF7 /* LabeledSliderView.swift */; };
		AE986D331FB07BC000FCEDF7 /* ParameterAdjustmentView.swift in Sources */ = {isa = PBXBuildFile; fileRef = AE986D2F1FB07BC000FCEDF7 /* ParameterAdjustmentView.swift */; };
		AEB677801FC2B0C200C82500 /* PreviewListViewController.swift in Sources */ = {isa = PBXBuildFile; fileRef = AEB6777F1FC2B0C200C82500 /* PreviewListViewController.swift */; };
		AEB677821FC2D84900C82500 /* PreviewlistTableViewCell.swift in Sources */ = {isa = PBXBuildFile; fileRef = AEB677811FC2D84900C82500 /* PreviewlistTableViewCell.swift */; };
		AEEC54281F78DB2C00050B06 /* DiaryViewController.swift in Sources */ = {isa = PBXBuildFile; fileRef = AEEC54271F78DB2C00050B06 /* DiaryViewController.swift */; };
		AEEC542C1F78DB6700050B06 /* HistoryViewController.swift in Sources */ = {isa = PBXBuildFile; fileRef = AEEC542B1F78DB6700050B06 /* HistoryViewController.swift */; };
		AEEE4F041FEA837700231315 /* quest_robot.png in Resources */ = {isa = PBXBuildFile; fileRef = AEEE4ED01FEA836C00231315 /* quest_robot.png */; };
		AEEE4F051FEA837700231315 /* im50.png in Resources */ = {isa = PBXBuildFile; fileRef = AEEE4ED11FEA836D00231315 /* im50.png */; };
		AEEE4F061FEA837700231315 /* postmark_1.png in Resources */ = {isa = PBXBuildFile; fileRef = AEEE4ED21FEA836D00231315 /* postmark_1.png */; };
		AEEE4F071FEA837700231315 /* bubble_graph_5.png in Resources */ = {isa = PBXBuildFile; fileRef = AEEE4ED31FEA836D00231315 /* bubble_graph_5.png */; };
		AEEE4F081FEA837700231315 /* im37.png in Resources */ = {isa = PBXBuildFile; fileRef = AEEE4ED41FEA836E00231315 /* im37.png */; };
		AEEE4F091FEA837700231315 /* food_breakfast.png in Resources */ = {isa = PBXBuildFile; fileRef = AEEE4ED51FEA836E00231315 /* food_breakfast.png */; };
		AEEE4F0A1FEA837700231315 /* im38.png in Resources */ = {isa = PBXBuildFile; fileRef = AEEE4ED61FEA836E00231315 /* im38.png */; };
		AEEE4F0B1FEA837700231315 /* im36.png in Resources */ = {isa = PBXBuildFile; fileRef = AEEE4ED71FEA836E00231315 /* im36.png */; };
		AEEE4F0C1FEA837700231315 /* im46.png in Resources */ = {isa = PBXBuildFile; fileRef = AEEE4ED81FEA836F00231315 /* im46.png */; };
		AEEE4F0D1FEA837700231315 /* run_1.png in Resources */ = {isa = PBXBuildFile; fileRef = AEEE4ED91FEA836F00231315 /* run_1.png */; };
		AEEE4F0E1FEA837700231315 /* line_dash.png in Resources */ = {isa = PBXBuildFile; fileRef = AEEE4EDA1FEA836F00231315 /* line_dash.png */; };
		AEEE4F0F1FEA837700231315 /* quest_sailing.png in Resources */ = {isa = PBXBuildFile; fileRef = AEEE4EDB1FEA836F00231315 /* quest_sailing.png */; };
		AEEE4F101FEA837700231315 /* bubble_graph_3.png in Resources */ = {isa = PBXBuildFile; fileRef = AEEE4EDC1FEA837000231315 /* bubble_graph_3.png */; };
		AEEE4F111FEA837700231315 /* food_cake.png in Resources */ = {isa = PBXBuildFile; fileRef = AEEE4EDD1FEA837000231315 /* food_cake.png */; };
		AEEE4F121FEA837700231315 /* run_2.png in Resources */ = {isa = PBXBuildFile; fileRef = AEEE4EDE1FEA837000231315 /* run_2.png */; };
		AEEE4F131FEA837700231315 /* im48.png in Resources */ = {isa = PBXBuildFile; fileRef = AEEE4EDF1FEA837000231315 /* im48.png */; };
		AEEE4F141FEA837700231315 /* im39.png in Resources */ = {isa = PBXBuildFile; fileRef = AEEE4EE01FEA837000231315 /* im39.png */; };
		AEEE4F151FEA837700231315 /* quest_telescope.png in Resources */ = {isa = PBXBuildFile; fileRef = AEEE4EE11FEA837100231315 /* quest_telescope.png */; };
		AEEE4F161FEA837700231315 /* im47.png in Resources */ = {isa = PBXBuildFile; fileRef = AEEE4EE21FEA837100231315 /* im47.png */; };
		AEEE4F171FEA837700231315 /* postmark_4.png in Resources */ = {isa = PBXBuildFile; fileRef = AEEE4EE31FEA837100231315 /* postmark_4.png */; };
		AEEE4F181FEA837700231315 /* quest_dream.png in Resources */ = {isa = PBXBuildFile; fileRef = AEEE4EE41FEA837100231315 /* quest_dream.png */; };
		AEEE4F191FEA837700231315 /* bubble_graph_2.png in Resources */ = {isa = PBXBuildFile; fileRef = AEEE4EE51FEA837100231315 /* bubble_graph_2.png */; };
		AEEE4F1A1FEA837700231315 /* im44.png in Resources */ = {isa = PBXBuildFile; fileRef = AEEE4EE61FEA837200231315 /* im44.png */; };
		AEEE4F1B1FEA837700231315 /* im35.png in Resources */ = {isa = PBXBuildFile; fileRef = AEEE4EE71FEA837200231315 /* im35.png */; };
		AEEE4F1C1FEA837700231315 /* line_5.png in Resources */ = {isa = PBXBuildFile; fileRef = AEEE4EE81FEA837200231315 /* line_5.png */; };
		AEEE4F1D1FEA837700231315 /* line_dot.png in Resources */ = {isa = PBXBuildFile; fileRef = AEEE4EE91FEA837200231315 /* line_dot.png */; };
		AEEE4F1E1FEA837700231315 /* line_2.png in Resources */ = {isa = PBXBuildFile; fileRef = AEEE4EEA1FEA837200231315 /* line_2.png */; };
		AEEE4F1F1FEA837700231315 /* other_love.png in Resources */ = {isa = PBXBuildFile; fileRef = AEEE4EEB1FEA837200231315 /* other_love.png */; };
		AEEE4F201FEA837700231315 /* other_travel.png in Resources */ = {isa = PBXBuildFile; fileRef = AEEE4EEC1FEA837300231315 /* other_travel.png */; };
		AEEE4F211FEA837700231315 /* im32.png in Resources */ = {isa = PBXBuildFile; fileRef = AEEE4EED1FEA837300231315 /* im32.png */; };
		AEEE4F221FEA837700231315 /* quest_plane.png in Resources */ = {isa = PBXBuildFile; fileRef = AEEE4EEE1FEA837300231315 /* quest_plane.png */; };
		AEEE4F231FEA837700231315 /* im31.png in Resources */ = {isa = PBXBuildFile; fileRef = AEEE4EEF1FEA837300231315 /* im31.png */; };
		AEEE4F241FEA837700231315 /* line_3.png in Resources */ = {isa = PBXBuildFile; fileRef = AEEE4EF01FEA837300231315 /* line_3.png */; };
		AEEE4F251FEA837700231315 /* line_head_bold.png in Resources */ = {isa = PBXBuildFile; fileRef = AEEE4EF11FEA837400231315 /* line_head_bold.png */; };
		AEEE4F261FEA837700231315 /* im49.png in Resources */ = {isa = PBXBuildFile; fileRef = AEEE4EF21FEA837400231315 /* im49.png */; };
		AEEE4F271FEA837700231315 /* line_1.png in Resources */ = {isa = PBXBuildFile; fileRef = AEEE4EF31FEA837400231315 /* line_1.png */; };
		AEEE4F281FEA837700231315 /* other_birthday.png in Resources */ = {isa = PBXBuildFile; fileRef = AEEE4EF41FEA837400231315 /* other_birthday.png */; };
		AEEE4F291FEA837700231315 /* quest_bottle.png in Resources */ = {isa = PBXBuildFile; fileRef = AEEE4EF51FEA837400231315 /* quest_bottle.png */; };
		AEEE4F2A1FEA837700231315 /* bubble_graph_1.png in Resources */ = {isa = PBXBuildFile; fileRef = AEEE4EF61FEA837500231315 /* bubble_graph_1.png */; };
		AEEE4F2B1FEA837700231315 /* line_6.png in Resources */ = {isa = PBXBuildFile; fileRef = AEEE4EF71FEA837500231315 /* line_6.png */; };
		AEEE4F2C1FEA837700231315 /* im45.png in Resources */ = {isa = PBXBuildFile; fileRef = AEEE4EF81FEA837500231315 /* im45.png */; };
		AEEE4F2D1FEA837700231315 /* bubble_graph_4.png in Resources */ = {isa = PBXBuildFile; fileRef = AEEE4EF91FEA837500231315 /* bubble_graph_4.png */; };
		AEEE4F2E1FEA837700231315 /* food_tea.png in Resources */ = {isa = PBXBuildFile; fileRef = AEEE4EFA1FEA837500231315 /* food_tea.png */; };
		AEEE4F2F1FEA837700231315 /* postmark_2.png in Resources */ = {isa = PBXBuildFile; fileRef = AEEE4EFB1FEA837600231315 /* postmark_2.png */; };
		AEEE4F301FEA837700231315 /* quest_rocket.png in Resources */ = {isa = PBXBuildFile; fileRef = AEEE4EFC1FEA837600231315 /* quest_rocket.png */; };
		AEEE4F311FEA837700231315 /* postmark_3.png in Resources */ = {isa = PBXBuildFile; fileRef = AEEE4EFD1FEA837600231315 /* postmark_3.png */; };
		AEEE4F321FEA837700231315 /* food_spice.png in Resources */ = {isa = PBXBuildFile; fileRef = AEEE4EFE1FEA837600231315 /* food_spice.png */; };
		AEEE4F331FEA837700231315 /* im33.png in Resources */ = {isa = PBXBuildFile; fileRef = AEEE4EFF1FEA837600231315 /* im33.png */; };
		AEEE4F341FEA837700231315 /* line_4.png in Resources */ = {isa = PBXBuildFile; fileRef = AEEE4F001FEA837600231315 /* line_4.png */; };
		AEEE4F351FEA837700231315 /* food_drinking.png in Resources */ = {isa = PBXBuildFile; fileRef = AEEE4F011FEA837700231315 /* food_drinking.png */; };
		AEEE4F361FEA837700231315 /* im34.png in Resources */ = {isa = PBXBuildFile; fileRef = AEEE4F021FEA837700231315 /* im34.png */; };
		AEEE4F371FEA837700231315 /* im40.png in Resources */ = {isa = PBXBuildFile; fileRef = AEEE4F031FEA837700231315 /* im40.png */; };
		C0D75A34ED8DDAA0022F79C3 /* Pods_MemobirdDiaryUITests.framework in Frameworks */ = {isa = PBXBuildFile; fileRef = 48ECE9D0D469D3669ED63426 /* Pods_MemobirdDiaryUITests.framework */; };
		F1A5836C031E1B8271B35527 /* Pods_MemobirdDiaryTests.framework in Frameworks */ = {isa = PBXBuildFile; fileRef = 057BB54695BA1A563F74C043 /* Pods_MemobirdDiaryTests.framework */; };
/* End PBXBuildFile section */

/* Begin PBXContainerItemProxy section */
		AE67DE7F1F752881007A3B76 /* PBXContainerItemProxy */ = {
			isa = PBXContainerItemProxy;
			containerPortal = AE67DE5F1F752881007A3B76 /* Project object */;
			proxyType = 1;
			remoteGlobalIDString = AE67DE661F752881007A3B76;
			remoteInfo = MemobirdDiary;
		};
		AE67DE8A1F752881007A3B76 /* PBXContainerItemProxy */ = {
			isa = PBXContainerItemProxy;
			containerPortal = AE67DE5F1F752881007A3B76 /* Project object */;
			proxyType = 1;
			remoteGlobalIDString = AE67DE661F752881007A3B76;
			remoteInfo = MemobirdDiary;
		};
/* End PBXContainerItemProxy section */

/* Begin PBXCopyFilesBuildPhase section */
		AE91E0E41FB3428300A99256 /* Embed Frameworks */ = {
			isa = PBXCopyFilesBuildPhase;
			buildActionMask = 2147483647;
			dstPath = "";
			dstSubfolderSpec = 10;
			files = (
			);
			name = "Embed Frameworks";
			runOnlyForDeploymentPostprocessing = 0;
		};
/* End PBXCopyFilesBuildPhase section */

/* Begin PBXFileReference section */
		057BB54695BA1A563F74C043 /* Pods_MemobirdDiaryTests.framework */ = {isa = PBXFileReference; explicitFileType = wrapper.framework; includeInIndex = 0; path = Pods_MemobirdDiaryTests.framework; sourceTree = BUILT_PRODUCTS_DIR; };
		33084A181FE1021D009672BC /* LDStickerView.swift */ = {isa = PBXFileReference; fileEncoding = 4; lastKnownFileType = sourcecode.swift; path = LDStickerView.swift; sourceTree = "<group>"; };
		33084A1D1FE107D9009672BC /* ico_complete_unchecked.png */ = {isa = PBXFileReference; lastKnownFileType = image.png; path = ico_complete_unchecked.png; sourceTree = "<group>"; };
		33084A1E1FE107D9009672BC /* ico_draft.png */ = {isa = PBXFileReference; lastKnownFileType = image.png; path = ico_draft.png; sourceTree = "<group>"; };
		33084A1F1FE107D9009672BC /* ico_right_unchecked.png */ = {isa = PBXFileReference; lastKnownFileType = image.png; path = ico_right_unchecked.png; sourceTree = "<group>"; };
		33084A201FE107D9009672BC /* ico_right_checked.png */ = {isa = PBXFileReference; lastKnownFileType = image.png; path = ico_right_checked.png; sourceTree = "<group>"; };
		33084A261FE107E2009672BC /* text_01.png */ = {isa = PBXFileReference; lastKnownFileType = image.png; path = text_01.png; sourceTree = "<group>"; };
		33084A271FE107E2009672BC /* text_02.png */ = {isa = PBXFileReference; lastKnownFileType = image.png; path = text_02.png; sourceTree = "<group>"; };
		33084A281FE107E2009672BC /* text_03.png */ = {isa = PBXFileReference; lastKnownFileType = image.png; path = text_03.png; sourceTree = "<group>"; };
		33084A291FE107E2009672BC /* text_04.png */ = {isa = PBXFileReference; lastKnownFileType = image.png; path = text_04.png; sourceTree = "<group>"; };
		33084A2A1FE107E2009672BC /* text_05.png */ = {isa = PBXFileReference; lastKnownFileType = image.png; path = text_05.png; sourceTree = "<group>"; };
		33084A2B1FE107E2009672BC /* text_06.png */ = {isa = PBXFileReference; lastKnownFileType = image.png; path = text_06.png; sourceTree = "<group>"; };
		33084A2C1FE107E2009672BC /* text_07.png */ = {isa = PBXFileReference; lastKnownFileType = image.png; path = text_07.png; sourceTree = "<group>"; };
		3398149D1F85F60B006810D8 /* icon_plus.png */ = {isa = PBXFileReference; lastKnownFileType = image.png; path = icon_plus.png; sourceTree = "<group>"; };
		3398149E1F85F60B006810D8 /* minus.png */ = {isa = PBXFileReference; lastKnownFileType = image.png; path = minus.png; sourceTree = "<group>"; };
		3398149F1F85F60B006810D8 /* notes.png */ = {isa = PBXFileReference; lastKnownFileType = image.png; path = notes.png; sourceTree = "<group>"; };
		339814A31F85F70C006810D8 /* font.png */ = {isa = PBXFileReference; lastKnownFileType = image.png; path = font.png; sourceTree = "<group>"; };
		339814A51F85F966006810D8 /* picture-icon.png */ = {isa = PBXFileReference; lastKnownFileType = image.png; path = "picture-icon.png"; sourceTree = "<group>"; };
		33C8DA421F7B6793005E4211 /* CoreDataStack.swift */ = {isa = PBXFileReference; fileEncoding = 4; lastKnownFileType = sourcecode.swift; path = CoreDataStack.swift; sourceTree = "<group>"; };
		33C8DA441F7B698A005E4211 /* dataModel.swift */ = {isa = PBXFileReference; lastKnownFileType = sourcecode.swift; path = dataModel.swift; sourceTree = "<group>"; };
		3B1910D447181E29744DB71B /* Pods-MemobirdDiaryTests.release.xcconfig */ = {isa = PBXFileReference; includeInIndex = 1; lastKnownFileType = text.xcconfig; name = "Pods-MemobirdDiaryTests.release.xcconfig"; path = "Pods/Target Support Files/Pods-MemobirdDiaryTests/Pods-MemobirdDiaryTests.release.xcconfig"; sourceTree = "<group>"; };
		4021D6C4062FE3D61AF051B3 /* Pods-MemobirdDiaryUITests.debug.xcconfig */ = {isa = PBXFileReference; includeInIndex = 1; lastKnownFileType = text.xcconfig; name = "Pods-MemobirdDiaryUITests.debug.xcconfig"; path = "Pods/Target Support Files/Pods-MemobirdDiaryUITests/Pods-MemobirdDiaryUITests.debug.xcconfig"; sourceTree = "<group>"; };
		48ECE9D0D469D3669ED63426 /* Pods_MemobirdDiaryUITests.framework */ = {isa = PBXFileReference; explicitFileType = wrapper.framework; includeInIndex = 0; path = Pods_MemobirdDiaryUITests.framework; sourceTree = BUILT_PRODUCTS_DIR; };
		78174A3F4C622C4007CF8DFF /* Pods-MemobirdDiaryTests.debug.xcconfig */ = {isa = PBXFileReference; includeInIndex = 1; lastKnownFileType = text.xcconfig; name = "Pods-MemobirdDiaryTests.debug.xcconfig"; path = "Pods/Target Support Files/Pods-MemobirdDiaryTests/Pods-MemobirdDiaryTests.debug.xcconfig"; sourceTree = "<group>"; };
		805962CB32113C3D17199897 /* Pods-MemobirdDiary.debug.xcconfig */ = {isa = PBXFileReference; includeInIndex = 1; lastKnownFileType = text.xcconfig; name = "Pods-MemobirdDiary.debug.xcconfig"; path = "Pods/Target Support Files/Pods-MemobirdDiary/Pods-MemobirdDiary.debug.xcconfig"; sourceTree = "<group>"; };
		AE208FD91FB56F3700493885 /* nature1.jpg */ = {isa = PBXFileReference; lastKnownFileType = image.jpeg; path = nature1.jpg; sourceTree = "<group>"; };
		AE538FB61F839E2F00D8FEFC /* expand.png */ = {isa = PBXFileReference; lastKnownFileType = image.png; path = expand.png; sourceTree = "<group>"; };
		AE538FB71F839E2F00D8FEFC /* cancel_icon.png */ = {isa = PBXFileReference; lastKnownFileType = image.png; path = cancel_icon.png; sourceTree = "<group>"; };
		AE538FB81F839E2F00D8FEFC /* rotation.png */ = {isa = PBXFileReference; lastKnownFileType = image.png; path = rotation.png; sourceTree = "<group>"; };
		AE67DE671F752881007A3B76 /* MemobirdDiary.app */ = {isa = PBXFileReference; explicitFileType = wrapper.application; includeInIndex = 0; path = MemobirdDiary.app; sourceTree = BUILT_PRODUCTS_DIR; };
		AE67DE6A1F752881007A3B76 /* AppDelegate.swift */ = {isa = PBXFileReference; lastKnownFileType = sourcecode.swift; path = AppDelegate.swift; sourceTree = "<group>"; };
		AE67DE6C1F752881007A3B76 /* ViewController.swift */ = {isa = PBXFileReference; lastKnownFileType = sourcecode.swift; path = ViewController.swift; sourceTree = "<group>"; };
		AE67DE6F1F752881007A3B76 /* Base */ = {isa = PBXFileReference; lastKnownFileType = file.storyboard; name = Base; path = Base.lproj/Main.storyboard; sourceTree = "<group>"; };
		AE67DE721F752881007A3B76 /* MemobirdDiary.xcdatamodel */ = {isa = PBXFileReference; lastKnownFileType = wrapper.xcdatamodel; path = MemobirdDiary.xcdatamodel; sourceTree = "<group>"; };
		AE67DE741F752881007A3B76 /* Assets.xcassets */ = {isa = PBXFileReference; lastKnownFileType = folder.assetcatalog; path = Assets.xcassets; sourceTree = "<group>"; };
		AE67DE771F752881007A3B76 /* Base */ = {isa = PBXFileReference; lastKnownFileType = file.storyboard; name = Base; path = Base.lproj/LaunchScreen.storyboard; sourceTree = "<group>"; };
		AE67DE791F752881007A3B76 /* Info.plist */ = {isa = PBXFileReference; lastKnownFileType = text.plist.xml; path = Info.plist; sourceTree = "<group>"; };
		AE67DE7E1F752881007A3B76 /* MemobirdDiaryTests.xctest */ = {isa = PBXFileReference; explicitFileType = wrapper.cfbundle; includeInIndex = 0; path = MemobirdDiaryTests.xctest; sourceTree = BUILT_PRODUCTS_DIR; };
		AE67DE821F752881007A3B76 /* MemobirdDiaryTests.swift */ = {isa = PBXFileReference; lastKnownFileType = sourcecode.swift; path = MemobirdDiaryTests.swift; sourceTree = "<group>"; };
		AE67DE891F752881007A3B76 /* MemobirdDiaryUITests.xctest */ = {isa = PBXFileReference; explicitFileType = wrapper.cfbundle; includeInIndex = 0; path = MemobirdDiaryUITests.xctest; sourceTree = BUILT_PRODUCTS_DIR; };
		AE67DE8D1F752881007A3B76 /* MemobirdDiaryUITests.swift */ = {isa = PBXFileReference; lastKnownFileType = sourcecode.swift; path = MemobirdDiaryUITests.swift; sourceTree = "<group>"; };
		AE6A5A011FD69BD300F59033 /* ico_underline_checked.png */ = {isa = PBXFileReference; lastKnownFileType = image.png; path = ico_underline_checked.png; sourceTree = "<group>"; };
		AE6A5A021FD69BD400F59033 /* ico_bold_checked.png */ = {isa = PBXFileReference; lastKnownFileType = image.png; path = ico_bold_checked.png; sourceTree = "<group>"; };
		AE6A5A031FD69BD500F59033 /* ico_left_unchecked.png */ = {isa = PBXFileReference; lastKnownFileType = image.png; path = ico_left_unchecked.png; sourceTree = "<group>"; };
		AE6A5A041FD69BD600F59033 /* ico_save.png */ = {isa = PBXFileReference; lastKnownFileType = image.png; path = ico_save.png; sourceTree = "<group>"; };
		AE6A5A051FD69BD700F59033 /* ico_font.png */ = {isa = PBXFileReference; lastKnownFileType = image.png; path = ico_font.png; sourceTree = "<group>"; };
		AE6A5A061FD69BD800F59033 /* ico_left_checked.png */ = {isa = PBXFileReference; lastKnownFileType = image.png; path = ico_left_checked.png; sourceTree = "<group>"; };
		AE6A5A071FD69BD800F59033 /* ico_preview.png */ = {isa = PBXFileReference; lastKnownFileType = image.png; path = ico_preview.png; sourceTree = "<group>"; };
		AE6A5A081FD69BD900F59033 /* ico_rotate_unchecked.png */ = {isa = PBXFileReference; lastKnownFileType = image.png; path = ico_rotate_unchecked.png; sourceTree = "<group>"; };
		AE6A5A091FD69BDA00F59033 /* ico_text.png */ = {isa = PBXFileReference; lastKnownFileType = image.png; path = ico_text.png; sourceTree = "<group>"; };
		AE6A5A0A1FD69BDB00F59033 /* ico_center_checked.png */ = {isa = PBXFileReference; lastKnownFileType = image.png; path = ico_center_checked.png; sourceTree = "<group>"; };
		AE6A5A0B1FD69BDC00F59033 /* ico_complete_02_checked.png */ = {isa = PBXFileReference; lastKnownFileType = image.png; path = ico_complete_02_checked.png; sourceTree = "<group>"; };
		AE6A5A0C1FD69BDD00F59033 /* ico_underline_unchecked.png */ = {isa = PBXFileReference; lastKnownFileType = image.png; path = ico_underline_unchecked.png; sourceTree = "<group>"; };
		AE6A5A0D1FD69BDD00F59033 /* ico_rotate_checked.png */ = {isa = PBXFileReference; lastKnownFileType = image.png; path = ico_rotate_checked.png; sourceTree = "<group>"; };
		AE6A5A0E1FD69BDE00F59033 /* ico_italic_checked.png */ = {isa = PBXFileReference; lastKnownFileType = image.png; path = ico_italic_checked.png; sourceTree = "<group>"; };
		AE6A5A0F1FD69BDF00F59033 /* ico_center_unchecked.png */ = {isa = PBXFileReference; lastKnownFileType = image.png; path = ico_center_unchecked.png; sourceTree = "<group>"; };
		AE6A5A101FD69BE000F59033 /* ico_ keyboard.png */ = {isa = PBXFileReference; lastKnownFileType = image.png; path = "ico_ keyboard.png"; sourceTree = "<group>"; };
		AE6A5A111FD69BE100F59033 /* ico_complete_checked.png */ = {isa = PBXFileReference; lastKnownFileType = image.png; path = ico_complete_checked.png; sourceTree = "<group>"; };
		AE6A5A121FD69BE100F59033 /* ico_complete_02_unchecked.png */ = {isa = PBXFileReference; lastKnownFileType = image.png; path = ico_complete_02_unchecked.png; sourceTree = "<group>"; };
		AE6A5A131FD69BE200F59033 /* ico_bold_unchecked.png */ = {isa = PBXFileReference; lastKnownFileType = image.png; path = ico_bold_unchecked.png; sourceTree = "<group>"; };
		AE6A5A141FD69BE300F59033 /* ico_italic_unchecked.png */ = {isa = PBXFileReference; lastKnownFileType = image.png; path = ico_italic_unchecked.png; sourceTree = "<group>"; };
		AE6A5A151FD69BE400F59033 /* ico_format.png */ = {isa = PBXFileReference; lastKnownFileType = image.png; path = ico_format.png; sourceTree = "<group>"; };
		AE6A5A161FD69BE400F59033 /* ico_more.png */ = {isa = PBXFileReference; lastKnownFileType = image.png; path = ico_more.png; sourceTree = "<group>"; };
		AE70D1541FB45E3800AAC3EB /* PhotoCropEditor.framework */ = {isa = PBXFileReference; lastKnownFileType = wrapper.framework; path = PhotoCropEditor.framework; sourceTree = "<group>"; };
		AE70D15B1FB45EA600AAC3EB /* memobirdicon.png */ = {isa = PBXFileReference; lastKnownFileType = image.png; name = memobirdicon.png; path = ../../../../memobirdicon.png; sourceTree = "<group>"; };
		AE70D16C1FB45F9100AAC3EB /* CropRectView.swift */ = {isa = PBXFileReference; lastKnownFileType = sourcecode.swift; path = CropRectView.swift; sourceTree = "<group>"; };
		AE70D16D1FB45F9100AAC3EB /* CropView.swift */ = {isa = PBXFileReference; lastKnownFileType = sourcecode.swift; path = CropView.swift; sourceTree = "<group>"; };
		AE70D16E1FB45F9100AAC3EB /* CropViewController.h */ = {isa = PBXFileReference; lastKnownFileType = sourcecode.c.h; path = CropViewController.h; sourceTree = "<group>"; };
		AE70D16F1FB45F9100AAC3EB /* CropViewController.swift */ = {isa = PBXFileReference; lastKnownFileType = sourcecode.swift; path = CropViewController.swift; sourceTree = "<group>"; };
		AE70D1711FB45F9100AAC3EB /* PhotoCropEditorBorder.png */ = {isa = PBXFileReference; lastKnownFileType = image.png; path = PhotoCropEditorBorder.png; sourceTree = "<group>"; };
		AE70D1721FB45F9100AAC3EB /* PhotoCropEditorBorder@2x.png */ = {isa = PBXFileReference; lastKnownFileType = image.png; path = "PhotoCropEditorBorder@2x.png"; sourceTree = "<group>"; };
		AE70D1731FB45F9100AAC3EB /* PhotoCropEditorBorder@3x.png */ = {isa = PBXFileReference; lastKnownFileType = image.png; path = "PhotoCropEditorBorder@3x.png"; sourceTree = "<group>"; };
		AE70D1741FB45F9100AAC3EB /* ResizeControl.swift */ = {isa = PBXFileReference; lastKnownFileType = sourcecode.swift; path = ResizeControl.swift; sourceTree = "<group>"; };
		AE70D1751FB45F9100AAC3EB /* UIImage+Crop.swift */ = {isa = PBXFileReference; lastKnownFileType = sourcecode.swift; path = "UIImage+Crop.swift"; sourceTree = "<group>"; };
		AE8E67151FB18D4100452792 /* ExportFiltersViewController.swift */ = {isa = PBXFileReference; lastKnownFileType = sourcecode.swift; path = ExportFiltersViewController.swift; sourceTree = "<group>"; };
		AE986D0F1FB068EE00FCEDF7 /* Foundation Extensions.swift */ = {isa = PBXFileReference; lastKnownFileType = sourcecode.swift; path = "Foundation Extensions.swift"; sourceTree = "<group>"; };
		AE986D121FB0690B00FCEDF7 /* ColorControlManager.swift */ = {isa = PBXFileReference; lastKnownFileType = sourcecode.swift; path = ColorControlManager.swift; sourceTree = "<group>"; };
		AE986D141FB0691400FCEDF7 /* Saturationable.swift */ = {isa = PBXFileReference; lastKnownFileType = sourcecode.swift; path = Saturationable.swift; sourceTree = "<group>"; };
		AE986D151FB0691400FCEDF7 /* Brightnessable.swift */ = {isa = PBXFileReference; lastKnownFileType = sourcecode.swift; path = Brightnessable.swift; sourceTree = "<group>"; };
		AE986D161FB0691400FCEDF7 /* Processable.swift */ = {isa = PBXFileReference; lastKnownFileType = sourcecode.swift; path = Processable.swift; sourceTree = "<group>"; };
		AE986D171FB0691400FCEDF7 /* Contrastable.swift */ = {isa = PBXFileReference; lastKnownFileType = sourcecode.swift; path = Contrastable.swift; sourceTree = "<group>"; };
		AE986D231FB07A6800FCEDF7 /* PhotoFilterCollectionViewCell.swift */ = {isa = PBXFileReference; lastKnownFileType = sourcecode.swift; path = PhotoFilterCollectionViewCell.swift; sourceTree = "<group>"; };
		AE986D241FB07A6800FCEDF7 /* PhotoFilterViewController.swift */ = {isa = PBXFileReference; lastKnownFileType = sourcecode.swift; path = PhotoFilterViewController.swift; sourceTree = "<group>"; };
		AE986D271FB07A7100FCEDF7 /* ScalarFilterParameter.swift */ = {isa = PBXFileReference; lastKnownFileType = sourcecode.swift; path = ScalarFilterParameter.swift; sourceTree = "<group>"; };
		AE986D281FB07A7200FCEDF7 /* FilteredImageView.swift */ = {isa = PBXFileReference; lastKnownFileType = sourcecode.swift; path = FilteredImageView.swift; sourceTree = "<group>"; };
		AE986D2B1FB07A7A00FCEDF7 /* duckling.jpg */ = {isa = PBXFileReference; lastKnownFileType = image.jpeg; path = duckling.jpg; sourceTree = "<group>"; };
		AE986D2C1FB07BBF00FCEDF7 /* LabeledSliderView.swift */ = {isa = PBXFileReference; lastKnownFileType = sourcecode.swift; path = LabeledSliderView.swift; sourceTree = "<group>"; };
		AE986D2F1FB07BC000FCEDF7 /* ParameterAdjustmentView.swift */ = {isa = PBXFileReference; lastKnownFileType = sourcecode.swift; path = ParameterAdjustmentView.swift; sourceTree = "<group>"; };
		AEB6777F1FC2B0C200C82500 /* PreviewListViewController.swift */ = {isa = PBXFileReference; lastKnownFileType = sourcecode.swift; path = PreviewListViewController.swift; sourceTree = "<group>"; };
		AEB677811FC2D84900C82500 /* PreviewlistTableViewCell.swift */ = {isa = PBXFileReference; lastKnownFileType = sourcecode.swift; path = PreviewlistTableViewCell.swift; sourceTree = "<group>"; };
		AEEC54271F78DB2C00050B06 /* DiaryViewController.swift */ = {isa = PBXFileReference; lastKnownFileType = sourcecode.swift; path = DiaryViewController.swift; sourceTree = "<group>"; };
		AEEC542B1F78DB6700050B06 /* HistoryViewController.swift */ = {isa = PBXFileReference; lastKnownFileType = sourcecode.swift; path = HistoryViewController.swift; sourceTree = "<group>"; };
		AEEE4ED01FEA836C00231315 /* quest_robot.png */ = {isa = PBXFileReference; lastKnownFileType = image.png; path = quest_robot.png; sourceTree = "<group>"; };
		AEEE4ED11FEA836D00231315 /* im50.png */ = {isa = PBXFileReference; lastKnownFileType = image.png; path = im50.png; sourceTree = "<group>"; };
		AEEE4ED21FEA836D00231315 /* postmark_1.png */ = {isa = PBXFileReference; lastKnownFileType = image.png; path = postmark_1.png; sourceTree = "<group>"; };
		AEEE4ED31FEA836D00231315 /* bubble_graph_5.png */ = {isa = PBXFileReference; lastKnownFileType = image.png; path = bubble_graph_5.png; sourceTree = "<group>"; };
		AEEE4ED41FEA836E00231315 /* im37.png */ = {isa = PBXFileReference; lastKnownFileType = image.png; path = im37.png; sourceTree = "<group>"; };
		AEEE4ED51FEA836E00231315 /* food_breakfast.png */ = {isa = PBXFileReference; lastKnownFileType = image.png; path = food_breakfast.png; sourceTree = "<group>"; };
		AEEE4ED61FEA836E00231315 /* im38.png */ = {isa = PBXFileReference; lastKnownFileType = image.png; path = im38.png; sourceTree = "<group>"; };
		AEEE4ED71FEA836E00231315 /* im36.png */ = {isa = PBXFileReference; lastKnownFileType = image.png; path = im36.png; sourceTree = "<group>"; };
		AEEE4ED81FEA836F00231315 /* im46.png */ = {isa = PBXFileReference; lastKnownFileType = image.png; path = im46.png; sourceTree = "<group>"; };
		AEEE4ED91FEA836F00231315 /* run_1.png */ = {isa = PBXFileReference; lastKnownFileType = image.png; path = run_1.png; sourceTree = "<group>"; };
		AEEE4EDA1FEA836F00231315 /* line_dash.png */ = {isa = PBXFileReference; lastKnownFileType = image.png; path = line_dash.png; sourceTree = "<group>"; };
		AEEE4EDB1FEA836F00231315 /* quest_sailing.png */ = {isa = PBXFileReference; lastKnownFileType = image.png; path = quest_sailing.png; sourceTree = "<group>"; };
		AEEE4EDC1FEA837000231315 /* bubble_graph_3.png */ = {isa = PBXFileReference; lastKnownFileType = image.png; path = bubble_graph_3.png; sourceTree = "<group>"; };
		AEEE4EDD1FEA837000231315 /* food_cake.png */ = {isa = PBXFileReference; lastKnownFileType = image.png; path = food_cake.png; sourceTree = "<group>"; };
		AEEE4EDE1FEA837000231315 /* run_2.png */ = {isa = PBXFileReference; lastKnownFileType = image.png; path = run_2.png; sourceTree = "<group>"; };
		AEEE4EDF1FEA837000231315 /* im48.png */ = {isa = PBXFileReference; lastKnownFileType = image.png; path = im48.png; sourceTree = "<group>"; };
		AEEE4EE01FEA837000231315 /* im39.png */ = {isa = PBXFileReference; lastKnownFileType = image.png; path = im39.png; sourceTree = "<group>"; };
		AEEE4EE11FEA837100231315 /* quest_telescope.png */ = {isa = PBXFileReference; lastKnownFileType = image.png; path = quest_telescope.png; sourceTree = "<group>"; };
		AEEE4EE21FEA837100231315 /* im47.png */ = {isa = PBXFileReference; lastKnownFileType = image.png; path = im47.png; sourceTree = "<group>"; };
		AEEE4EE31FEA837100231315 /* postmark_4.png */ = {isa = PBXFileReference; lastKnownFileType = image.png; path = postmark_4.png; sourceTree = "<group>"; };
		AEEE4EE41FEA837100231315 /* quest_dream.png */ = {isa = PBXFileReference; lastKnownFileType = image.png; path = quest_dream.png; sourceTree = "<group>"; };
		AEEE4EE51FEA837100231315 /* bubble_graph_2.png */ = {isa = PBXFileReference; lastKnownFileType = image.png; path = bubble_graph_2.png; sourceTree = "<group>"; };
		AEEE4EE61FEA837200231315 /* im44.png */ = {isa = PBXFileReference; lastKnownFileType = image.png; path = im44.png; sourceTree = "<group>"; };
		AEEE4EE71FEA837200231315 /* im35.png */ = {isa = PBXFileReference; lastKnownFileType = image.png; path = im35.png; sourceTree = "<group>"; };
		AEEE4EE81FEA837200231315 /* line_5.png */ = {isa = PBXFileReference; lastKnownFileType = image.png; path = line_5.png; sourceTree = "<group>"; };
		AEEE4EE91FEA837200231315 /* line_dot.png */ = {isa = PBXFileReference; lastKnownFileType = image.png; path = line_dot.png; sourceTree = "<group>"; };
		AEEE4EEA1FEA837200231315 /* line_2.png */ = {isa = PBXFileReference; lastKnownFileType = image.png; path = line_2.png; sourceTree = "<group>"; };
		AEEE4EEB1FEA837200231315 /* other_love.png */ = {isa = PBXFileReference; lastKnownFileType = image.png; path = other_love.png; sourceTree = "<group>"; };
		AEEE4EEC1FEA837300231315 /* other_travel.png */ = {isa = PBXFileReference; lastKnownFileType = image.png; path = other_travel.png; sourceTree = "<group>"; };
		AEEE4EED1FEA837300231315 /* im32.png */ = {isa = PBXFileReference; lastKnownFileType = image.png; path = im32.png; sourceTree = "<group>"; };
		AEEE4EEE1FEA837300231315 /* quest_plane.png */ = {isa = PBXFileReference; lastKnownFileType = image.png; path = quest_plane.png; sourceTree = "<group>"; };
		AEEE4EEF1FEA837300231315 /* im31.png */ = {isa = PBXFileReference; lastKnownFileType = image.png; path = im31.png; sourceTree = "<group>"; };
		AEEE4EF01FEA837300231315 /* line_3.png */ = {isa = PBXFileReference; lastKnownFileType = image.png; path = line_3.png; sourceTree = "<group>"; };
		AEEE4EF11FEA837400231315 /* line_head_bold.png */ = {isa = PBXFileReference; lastKnownFileType = image.png; path = line_head_bold.png; sourceTree = "<group>"; };
		AEEE4EF21FEA837400231315 /* im49.png */ = {isa = PBXFileReference; lastKnownFileType = image.png; path = im49.png; sourceTree = "<group>"; };
		AEEE4EF31FEA837400231315 /* line_1.png */ = {isa = PBXFileReference; lastKnownFileType = image.png; path = line_1.png; sourceTree = "<group>"; };
		AEEE4EF41FEA837400231315 /* other_birthday.png */ = {isa = PBXFileReference; lastKnownFileType = image.png; path = other_birthday.png; sourceTree = "<group>"; };
		AEEE4EF51FEA837400231315 /* quest_bottle.png */ = {isa = PBXFileReference; lastKnownFileType = image.png; path = quest_bottle.png; sourceTree = "<group>"; };
		AEEE4EF61FEA837500231315 /* bubble_graph_1.png */ = {isa = PBXFileReference; lastKnownFileType = image.png; path = bubble_graph_1.png; sourceTree = "<group>"; };
		AEEE4EF71FEA837500231315 /* line_6.png */ = {isa = PBXFileReference; lastKnownFileType = image.png; path = line_6.png; sourceTree = "<group>"; };
		AEEE4EF81FEA837500231315 /* im45.png */ = {isa = PBXFileReference; lastKnownFileType = image.png; path = im45.png; sourceTree = "<group>"; };
		AEEE4EF91FEA837500231315 /* bubble_graph_4.png */ = {isa = PBXFileReference; lastKnownFileType = image.png; path = bubble_graph_4.png; sourceTree = "<group>"; };
		AEEE4EFA1FEA837500231315 /* food_tea.png */ = {isa = PBXFileReference; lastKnownFileType = image.png; path = food_tea.png; sourceTree = "<group>"; };
		AEEE4EFB1FEA837600231315 /* postmark_2.png */ = {isa = PBXFileReference; lastKnownFileType = image.png; path = postmark_2.png; sourceTree = "<group>"; };
		AEEE4EFC1FEA837600231315 /* quest_rocket.png */ = {isa = PBXFileReference; lastKnownFileType = image.png; path = quest_rocket.png; sourceTree = "<group>"; };
		AEEE4EFD1FEA837600231315 /* postmark_3.png */ = {isa = PBXFileReference; lastKnownFileType = image.png; path = postmark_3.png; sourceTree = "<group>"; };
		AEEE4EFE1FEA837600231315 /* food_spice.png */ = {isa = PBXFileReference; lastKnownFileType = image.png; path = food_spice.png; sourceTree = "<group>"; };
		AEEE4EFF1FEA837600231315 /* im33.png */ = {isa = PBXFileReference; lastKnownFileType = image.png; path = im33.png; sourceTree = "<group>"; };
		AEEE4F001FEA837600231315 /* line_4.png */ = {isa = PBXFileReference; lastKnownFileType = image.png; path = line_4.png; sourceTree = "<group>"; };
		AEEE4F011FEA837700231315 /* food_drinking.png */ = {isa = PBXFileReference; lastKnownFileType = image.png; path = food_drinking.png; sourceTree = "<group>"; };
		AEEE4F021FEA837700231315 /* im34.png */ = {isa = PBXFileReference; lastKnownFileType = image.png; path = im34.png; sourceTree = "<group>"; };
		AEEE4F031FEA837700231315 /* im40.png */ = {isa = PBXFileReference; lastKnownFileType = image.png; path = im40.png; sourceTree = "<group>"; };
		AEFFB7891FBD62FC007D3221 /* dot3.png */ = {isa = PBXFileReference; lastKnownFileType = image.png; path = dot3.png; sourceTree = "<group>"; };
		AEFFB78A1FBD62FD007D3221 /* dot4.jpg */ = {isa = PBXFileReference; lastKnownFileType = image.jpeg; path = dot4.jpg; sourceTree = "<group>"; };
		AEFFB78B1FBD62FD007D3221 /* dot1.png */ = {isa = PBXFileReference; lastKnownFileType = image.png; path = dot1.png; sourceTree = "<group>"; };
		AEFFB78C1FBD62FD007D3221 /* dot6.png */ = {isa = PBXFileReference; lastKnownFileType = image.png; path = dot6.png; sourceTree = "<group>"; };
		AEFFB78D1FBD723A007D3221 /* dotcircle.png */ = {isa = PBXFileReference; lastKnownFileType = image.png; path = dotcircle.png; sourceTree = "<group>"; };
		AEFFB78E1FBD75E7007D3221 /* Eraser.png */ = {isa = PBXFileReference; lastKnownFileType = image.png; path = Eraser.png; sourceTree = "<group>"; };
		AEFFB78F1FBD77E1007D3221 /* cancel.png */ = {isa = PBXFileReference; lastKnownFileType = image.png; path = cancel.png; sourceTree = "<group>"; };
		AEFFB7901FBD77E6007D3221 /* pencil.png */ = {isa = PBXFileReference; lastKnownFileType = image.png; path = pencil.png; sourceTree = "<group>"; };
		AEFFB7911FBD7896007D3221 /* Cancelundo.png */ = {isa = PBXFileReference; lastKnownFileType = image.png; path = Cancelundo.png; sourceTree = "<group>"; };
		AEFFB7921FBD919B007D3221 /* diaryicon.png */ = {isa = PBXFileReference; lastKnownFileType = image.png; path = diaryicon.png; sourceTree = "<group>"; };
		AEFFB7931FBD9347007D3221 /* diaryiconsmal.png */ = {isa = PBXFileReference; lastKnownFileType = image.png; path = diaryiconsmal.png; sourceTree = "<group>"; };
		C18B265EF384B840DA18DF39 /* Pods-MemobirdDiaryUITests.release.xcconfig */ = {isa = PBXFileReference; includeInIndex = 1; lastKnownFileType = text.xcconfig; name = "Pods-MemobirdDiaryUITests.release.xcconfig"; path = "Pods/Target Support Files/Pods-MemobirdDiaryUITests/Pods-MemobirdDiaryUITests.release.xcconfig"; sourceTree = "<group>"; };
		E095E3DE873C03ED46E5B49E /* Pods-MemobirdDiary.release.xcconfig */ = {isa = PBXFileReference; includeInIndex = 1; lastKnownFileType = text.xcconfig; name = "Pods-MemobirdDiary.release.xcconfig"; path = "Pods/Target Support Files/Pods-MemobirdDiary/Pods-MemobirdDiary.release.xcconfig"; sourceTree = "<group>"; };
		F266EBC1D71239A84896CFC7 /* Pods_MemobirdDiary.framework */ = {isa = PBXFileReference; explicitFileType = wrapper.framework; includeInIndex = 0; path = Pods_MemobirdDiary.framework; sourceTree = BUILT_PRODUCTS_DIR; };
/* End PBXFileReference section */

/* Begin PBXFrameworksBuildPhase section */
		AE67DE641F752881007A3B76 /* Frameworks */ = {
			isa = PBXFrameworksBuildPhase;
			buildActionMask = 2147483647;
			files = (
				980F8231505709F5F2347C25 /* Pods_MemobirdDiary.framework in Frameworks */,
			);
			runOnlyForDeploymentPostprocessing = 0;
		};
		AE67DE7B1F752881007A3B76 /* Frameworks */ = {
			isa = PBXFrameworksBuildPhase;
			buildActionMask = 2147483647;
			files = (
				F1A5836C031E1B8271B35527 /* Pods_MemobirdDiaryTests.framework in Frameworks */,
			);
			runOnlyForDeploymentPostprocessing = 0;
		};
		AE67DE861F752881007A3B76 /* Frameworks */ = {
			isa = PBXFrameworksBuildPhase;
			buildActionMask = 2147483647;
			files = (
				C0D75A34ED8DDAA0022F79C3 /* Pods_MemobirdDiaryUITests.framework in Frameworks */,
			);
			runOnlyForDeploymentPostprocessing = 0;
		};
/* End PBXFrameworksBuildPhase section */

/* Begin PBXGroup section */
		33084A251FE107E2009672BC /* text */ = {
			isa = PBXGroup;
			children = (
				33084A261FE107E2009672BC /* text_01.png */,
				33084A271FE107E2009672BC /* text_02.png */,
				33084A281FE107E2009672BC /* text_03.png */,
				33084A291FE107E2009672BC /* text_04.png */,
				33084A2A1FE107E2009672BC /* text_05.png */,
				33084A2B1FE107E2009672BC /* text_06.png */,
				33084A2C1FE107E2009672BC /* text_07.png */,
			);
			path = text;
			sourceTree = "<group>";
		};
		33C8DA411F7B677A005E4211 /* Model */ = {
			isa = PBXGroup;
			children = (
				33C8DA421F7B6793005E4211 /* CoreDataStack.swift */,
				33C8DA441F7B698A005E4211 /* dataModel.swift */,
			);
			path = Model;
			sourceTree = "<group>";
		};
		8850D3B597E3B48506C3511B /* Pods */ = {
			isa = PBXGroup;
			children = (
				805962CB32113C3D17199897 /* Pods-MemobirdDiary.debug.xcconfig */,
				E095E3DE873C03ED46E5B49E /* Pods-MemobirdDiary.release.xcconfig */,
				78174A3F4C622C4007CF8DFF /* Pods-MemobirdDiaryTests.debug.xcconfig */,
				3B1910D447181E29744DB71B /* Pods-MemobirdDiaryTests.release.xcconfig */,
				4021D6C4062FE3D61AF051B3 /* Pods-MemobirdDiaryUITests.debug.xcconfig */,
				C18B265EF384B840DA18DF39 /* Pods-MemobirdDiaryUITests.release.xcconfig */,
			);
			name = Pods;
			sourceTree = "<group>";
		};
		AE3F4D441F79066C00D26F7E /* Controller */ = {
			isa = PBXGroup;
			children = (
				AE67DE6C1F752881007A3B76 /* ViewController.swift */,
				AEEC54271F78DB2C00050B06 /* DiaryViewController.swift */,
				33084A181FE1021D009672BC /* LDStickerView.swift */,
				AE8E67151FB18D4100452792 /* ExportFiltersViewController.swift */,
				AEEC542B1F78DB6700050B06 /* HistoryViewController.swift */,
				AEB6777F1FC2B0C200C82500 /* PreviewListViewController.swift */,
			);
			path = Controller;
			sourceTree = "<group>";
		};
		AE3F4D451F79067E00D26F7E /* View */ = {
			isa = PBXGroup;
			children = (
				AEB677811FC2D84900C82500 /* PreviewlistTableViewCell.swift */,
				AE67DE761F752881007A3B76 /* LaunchScreen.storyboard */,
				AE67DE6E1F752881007A3B76 /* Main.storyboard */,
			);
			path = View;
			sourceTree = "<group>";
		};
		AE3F4D461F79069A00D26F7E /* Resorces */ = {
			isa = PBXGroup;
			children = (
				AE986D111FB068FB00FCEDF7 /* Util */,
				AE5851A71FB4568600E4BAA6 /* FiltersLib */,
				AE5851B61FB4570300E4BAA6 /* PhotoCropEditorLib */,
				AE986D1C1FB0691700FCEDF7 /* Helper */,
				AE67DE741F752881007A3B76 /* Assets.xcassets */,
				AE67DE791F752881007A3B76 /* Info.plist */,
				AE3F4D471F7906AF00D26F7E /* Images */,
			);
			path = Resorces;
			sourceTree = "<group>";
		};
		AE3F4D471F7906AF00D26F7E /* Images */ = {
			isa = PBXGroup;
			children = (
				AE94329F1FED3EFB00A2AFC2 /* MaterialImages */,
				AE6A5A001FD69BB700F59033 /* EDITORICONS */,
				AEFFB7921FBD919B007D3221 /* diaryicon.png */,
				AE208FD91FB56F3700493885 /* nature1.jpg */,
				AE70D15B1FB45EA600AAC3EB /* memobirdicon.png */,
				AEFFB78B1FBD62FD007D3221 /* dot1.png */,
				AEFFB7891FBD62FC007D3221 /* dot3.png */,
				AEFFB7931FBD9347007D3221 /* diaryiconsmal.png */,
				AEFFB78A1FBD62FD007D3221 /* dot4.jpg */,
				AEFFB78C1FBD62FD007D3221 /* dot6.png */,
				AEFFB7901FBD77E6007D3221 /* pencil.png */,
				AEFFB78E1FBD75E7007D3221 /* Eraser.png */,
				AEFFB78F1FBD77E1007D3221 /* cancel.png */,
				AEFFB78D1FBD723A007D3221 /* dotcircle.png */,
				AEFFB7911FBD7896007D3221 /* Cancelundo.png */,
				339814A51F85F966006810D8 /* picture-icon.png */,
				339814A31F85F70C006810D8 /* font.png */,
				3398149D1F85F60B006810D8 /* icon_plus.png */,
				3398149E1F85F60B006810D8 /* minus.png */,
				3398149F1F85F60B006810D8 /* notes.png */,
				AE538FB71F839E2F00D8FEFC /* cancel_icon.png */,
				AE538FB61F839E2F00D8FEFC /* expand.png */,
				AE538FB81F839E2F00D8FEFC /* rotation.png */,
				AE986D2B1FB07A7A00FCEDF7 /* duckling.jpg */,
			);
			path = Images;
			sourceTree = "<group>";
		};
		AE5851A71FB4568600E4BAA6 /* FiltersLib */ = {
			isa = PBXGroup;
			children = (
				AE986D2F1FB07BC000FCEDF7 /* ParameterAdjustmentView.swift */,
				AE986D281FB07A7200FCEDF7 /* FilteredImageView.swift */,
				AE986D271FB07A7100FCEDF7 /* ScalarFilterParameter.swift */,
				AE986D231FB07A6800FCEDF7 /* PhotoFilterCollectionViewCell.swift */,
				AE986D241FB07A6800FCEDF7 /* PhotoFilterViewController.swift */,
				AE986D2C1FB07BBF00FCEDF7 /* LabeledSliderView.swift */,
			);
			path = FiltersLib;
			sourceTree = "<group>";
		};
		AE5851B61FB4570300E4BAA6 /* PhotoCropEditorLib */ = {
			isa = PBXGroup;
			children = (
				AE70D16B1FB45F9100AAC3EB /* CropViewController */,
			);
			path = PhotoCropEditorLib;
			sourceTree = "<group>";
		};
		AE67DE5E1F752881007A3B76 = {
			isa = PBXGroup;
			children = (
				AE67DE691F752881007A3B76 /* MemobirdDiary */,
				AE3F4D461F79069A00D26F7E /* Resorces */,
				AE67DE811F752881007A3B76 /* MemobirdDiaryTests */,
				AE67DE8C1F752881007A3B76 /* MemobirdDiaryUITests */,
				AE67DE681F752881007A3B76 /* Products */,
				AE91E0D81FB33EDE00A99256 /* Frameworks */,
				8850D3B597E3B48506C3511B /* Pods */,
			);
			sourceTree = "<group>";
		};
		AE67DE681F752881007A3B76 /* Products */ = {
			isa = PBXGroup;
			children = (
				AE67DE671F752881007A3B76 /* MemobirdDiary.app */,
				AE67DE7E1F752881007A3B76 /* MemobirdDiaryTests.xctest */,
				AE67DE891F752881007A3B76 /* MemobirdDiaryUITests.xctest */,
			);
			name = Products;
			sourceTree = "<group>";
		};
		AE67DE691F752881007A3B76 /* MemobirdDiary */ = {
			isa = PBXGroup;
			children = (
				AE67DE6A1F752881007A3B76 /* AppDelegate.swift */,
				AE67DE711F752881007A3B76 /* MemobirdDiary.xcdatamodeld */,
				33C8DA411F7B677A005E4211 /* Model */,
				AE3F4D451F79067E00D26F7E /* View */,
				AE3F4D441F79066C00D26F7E /* Controller */,
			);
			path = MemobirdDiary;
			sourceTree = "<group>";
		};
		AE67DE811F752881007A3B76 /* MemobirdDiaryTests */ = {
			isa = PBXGroup;
			children = (
				AE67DE821F752881007A3B76 /* MemobirdDiaryTests.swift */,
			);
			path = MemobirdDiaryTests;
			sourceTree = "<group>";
		};
		AE67DE8C1F752881007A3B76 /* MemobirdDiaryUITests */ = {
			isa = PBXGroup;
			children = (
				AE67DE8D1F752881007A3B76 /* MemobirdDiaryUITests.swift */,
			);
			path = MemobirdDiaryUITests;
			sourceTree = "<group>";
		};
		AE6A5A001FD69BB700F59033 /* EDITORICONS */ = {
			isa = PBXGroup;
			children = (
				33084A251FE107E2009672BC /* text */,
				33084A1D1FE107D9009672BC /* ico_complete_unchecked.png */,
				33084A1E1FE107D9009672BC /* ico_draft.png */,
				33084A201FE107D9009672BC /* ico_right_checked.png */,
				33084A1F1FE107D9009672BC /* ico_right_unchecked.png */,
				AE6A5A101FD69BE000F59033 /* ico_ keyboard.png */,
				AE6A5A021FD69BD400F59033 /* ico_bold_checked.png */,
				AE6A5A131FD69BE200F59033 /* ico_bold_unchecked.png */,
				AE6A5A0A1FD69BDB00F59033 /* ico_center_checked.png */,
				AE6A5A0F1FD69BDF00F59033 /* ico_center_unchecked.png */,
				AE6A5A0B1FD69BDC00F59033 /* ico_complete_02_checked.png */,
				AE6A5A121FD69BE100F59033 /* ico_complete_02_unchecked.png */,
				AE6A5A111FD69BE100F59033 /* ico_complete_checked.png */,
				AE6A5A051FD69BD700F59033 /* ico_font.png */,
				AE6A5A151FD69BE400F59033 /* ico_format.png */,
				AE6A5A0E1FD69BDE00F59033 /* ico_italic_checked.png */,
				AE6A5A141FD69BE300F59033 /* ico_italic_unchecked.png */,
				AE6A5A061FD69BD800F59033 /* ico_left_checked.png */,
				AE6A5A031FD69BD500F59033 /* ico_left_unchecked.png */,
				AE6A5A161FD69BE400F59033 /* ico_more.png */,
				AE6A5A071FD69BD800F59033 /* ico_preview.png */,
				AE6A5A0D1FD69BDD00F59033 /* ico_rotate_checked.png */,
				AE6A5A081FD69BD900F59033 /* ico_rotate_unchecked.png */,
				AE6A5A041FD69BD600F59033 /* ico_save.png */,
				AE6A5A091FD69BDA00F59033 /* ico_text.png */,
				AE6A5A011FD69BD300F59033 /* ico_underline_checked.png */,
				AE6A5A0C1FD69BDD00F59033 /* ico_underline_unchecked.png */,
			);
			path = EDITORICONS;
			sourceTree = "<group>";
		};
		AE70D16B1FB45F9100AAC3EB /* CropViewController */ = {
			isa = PBXGroup;
			children = (
				AE70D16C1FB45F9100AAC3EB /* CropRectView.swift */,
				AE70D16D1FB45F9100AAC3EB /* CropView.swift */,
				AE70D16E1FB45F9100AAC3EB /* CropViewController.h */,
				AE70D16F1FB45F9100AAC3EB /* CropViewController.swift */,
				AE70D1711FB45F9100AAC3EB /* PhotoCropEditorBorder.png */,
				AE70D1721FB45F9100AAC3EB /* PhotoCropEditorBorder@2x.png */,
				AE70D1731FB45F9100AAC3EB /* PhotoCropEditorBorder@3x.png */,
				AE70D1741FB45F9100AAC3EB /* ResizeControl.swift */,
				AE70D1751FB45F9100AAC3EB /* UIImage+Crop.swift */,
			);
			path = CropViewController;
			sourceTree = "<group>";
		};
		AE91E0D81FB33EDE00A99256 /* Frameworks */ = {
			isa = PBXGroup;
			children = (
				AE70D1541FB45E3800AAC3EB /* PhotoCropEditor.framework */,
				F266EBC1D71239A84896CFC7 /* Pods_MemobirdDiary.framework */,
				057BB54695BA1A563F74C043 /* Pods_MemobirdDiaryTests.framework */,
				48ECE9D0D469D3669ED63426 /* Pods_MemobirdDiaryUITests.framework */,
			);
			name = Frameworks;
			sourceTree = "<group>";
		};
		AE94329F1FED3EFB00A2AFC2 /* MaterialImages */ = {
			isa = PBXGroup;
			children = (
				AEEE4EF61FEA837500231315 /* bubble_graph_1.png */,
				AEEE4EE51FEA837100231315 /* bubble_graph_2.png */,
				AEEE4EDC1FEA837000231315 /* bubble_graph_3.png */,
				AEEE4EF91FEA837500231315 /* bubble_graph_4.png */,
				AEEE4ED31FEA836D00231315 /* bubble_graph_5.png */,
				AEEE4ED51FEA836E00231315 /* food_breakfast.png */,
				AEEE4EDD1FEA837000231315 /* food_cake.png */,
				AEEE4F011FEA837700231315 /* food_drinking.png */,
				AEEE4EFE1FEA837600231315 /* food_spice.png */,
				AEEE4EFA1FEA837500231315 /* food_tea.png */,
				AEEE4EEF1FEA837300231315 /* im31.png */,
				AEEE4EED1FEA837300231315 /* im32.png */,
				AEEE4EFF1FEA837600231315 /* im33.png */,
				AEEE4F021FEA837700231315 /* im34.png */,
				AEEE4EE71FEA837200231315 /* im35.png */,
				AEEE4ED71FEA836E00231315 /* im36.png */,
				AEEE4ED41FEA836E00231315 /* im37.png */,
				AEEE4ED61FEA836E00231315 /* im38.png */,
				AEEE4EE01FEA837000231315 /* im39.png */,
				AEEE4F031FEA837700231315 /* im40.png */,
				AEEE4EE61FEA837200231315 /* im44.png */,
				AEEE4EF81FEA837500231315 /* im45.png */,
				AEEE4ED81FEA836F00231315 /* im46.png */,
				AEEE4EE21FEA837100231315 /* im47.png */,
				AEEE4EDF1FEA837000231315 /* im48.png */,
				AEEE4EF21FEA837400231315 /* im49.png */,
				AEEE4ED11FEA836D00231315 /* im50.png */,
				AEEE4EF31FEA837400231315 /* line_1.png */,
				AEEE4EEA1FEA837200231315 /* line_2.png */,
				AEEE4EF01FEA837300231315 /* line_3.png */,
				AEEE4F001FEA837600231315 /* line_4.png */,
				AEEE4EE81FEA837200231315 /* line_5.png */,
				AEEE4EF71FEA837500231315 /* line_6.png */,
				AEEE4EDA1FEA836F00231315 /* line_dash.png */,
				AEEE4EE91FEA837200231315 /* line_dot.png */,
				AEEE4EF11FEA837400231315 /* line_head_bold.png */,
				AEEE4EF41FEA837400231315 /* other_birthday.png */,
				AEEE4EEB1FEA837200231315 /* other_love.png */,
				AEEE4EEC1FEA837300231315 /* other_travel.png */,
				AEEE4ED21FEA836D00231315 /* postmark_1.png */,
				AEEE4EFB1FEA837600231315 /* postmark_2.png */,
				AEEE4EFD1FEA837600231315 /* postmark_3.png */,
				AEEE4EE31FEA837100231315 /* postmark_4.png */,
				AEEE4EF51FEA837400231315 /* quest_bottle.png */,
				AEEE4EE41FEA837100231315 /* quest_dream.png */,
				AEEE4EEE1FEA837300231315 /* quest_plane.png */,
				AEEE4ED01FEA836C00231315 /* quest_robot.png */,
				AEEE4EFC1FEA837600231315 /* quest_rocket.png */,
				AEEE4EDB1FEA836F00231315 /* quest_sailing.png */,
				AEEE4EE11FEA837100231315 /* quest_telescope.png */,
				AEEE4ED91FEA836F00231315 /* run_1.png */,
				AEEE4EDE1FEA837000231315 /* run_2.png */,
			);
			path = MaterialImages;
			sourceTree = "<group>";
		};
		AE986D111FB068FB00FCEDF7 /* Util */ = {
			isa = PBXGroup;
			children = (
				AE986D0F1FB068EE00FCEDF7 /* Foundation Extensions.swift */,
			);
			path = Util;
			sourceTree = "<group>";
		};
		AE986D1C1FB0691700FCEDF7 /* Helper */ = {
			isa = PBXGroup;
			children = (
				AE986D121FB0690B00FCEDF7 /* ColorControlManager.swift */,
				AE986D1D1FB0692500FCEDF7 /* Protocols */,
			);
			path = Helper;
			sourceTree = "<group>";
		};
		AE986D1D1FB0692500FCEDF7 /* Protocols */ = {
			isa = PBXGroup;
			children = (
				AE986D151FB0691400FCEDF7 /* Brightnessable.swift */,
				AE986D171FB0691400FCEDF7 /* Contrastable.swift */,
				AE986D161FB0691400FCEDF7 /* Processable.swift */,
				AE986D141FB0691400FCEDF7 /* Saturationable.swift */,
			);
			path = Protocols;
			sourceTree = "<group>";
		};
/* End PBXGroup section */

/* Begin PBXNativeTarget section */
		AE67DE661F752881007A3B76 /* MemobirdDiary */ = {
			isa = PBXNativeTarget;
			buildConfigurationList = AE67DE921F752881007A3B76 /* Build configuration list for PBXNativeTarget "MemobirdDiary" */;
			buildPhases = (
				2CC5CB62346D2BAE6ED98BD5 /* [CP] Check Pods Manifest.lock */,
				AE67DE631F752881007A3B76 /* Sources */,
				AE67DE641F752881007A3B76 /* Frameworks */,
				AE67DE651F752881007A3B76 /* Resources */,
				AE91E0E41FB3428300A99256 /* Embed Frameworks */,
				A8E707D53E51172BA0D7BCC2 /* [CP] Embed Pods Frameworks */,
				8ED81919A9785A1264A9690F /* [CP] Copy Pods Resources */,
			);
			buildRules = (
			);
			dependencies = (
			);
			name = MemobirdDiary;
			productName = MemobirdDiary;
			productReference = AE67DE671F752881007A3B76 /* MemobirdDiary.app */;
			productType = "com.apple.product-type.application";
		};
		AE67DE7D1F752881007A3B76 /* MemobirdDiaryTests */ = {
			isa = PBXNativeTarget;
			buildConfigurationList = AE67DE951F752881007A3B76 /* Build configuration list for PBXNativeTarget "MemobirdDiaryTests" */;
			buildPhases = (
				388125702057FDD6B082E56E /* [CP] Check Pods Manifest.lock */,
				AE67DE7A1F752881007A3B76 /* Sources */,
				AE67DE7B1F752881007A3B76 /* Frameworks */,
				AE67DE7C1F752881007A3B76 /* Resources */,
				F4897289B8C3AFE74140D55F /* [CP] Embed Pods Frameworks */,
				537C83235C3608A56264F6C0 /* [CP] Copy Pods Resources */,
			);
			buildRules = (
			);
			dependencies = (
				AE67DE801F752881007A3B76 /* PBXTargetDependency */,
			);
			name = MemobirdDiaryTests;
			productName = MemobirdDiaryTests;
			productReference = AE67DE7E1F752881007A3B76 /* MemobirdDiaryTests.xctest */;
			productType = "com.apple.product-type.bundle.unit-test";
		};
		AE67DE881F752881007A3B76 /* MemobirdDiaryUITests */ = {
			isa = PBXNativeTarget;
			buildConfigurationList = AE67DE981F752881007A3B76 /* Build configuration list for PBXNativeTarget "MemobirdDiaryUITests" */;
			buildPhases = (
				3501013BB4D67C325C00387F /* [CP] Check Pods Manifest.lock */,
				AE67DE851F752881007A3B76 /* Sources */,
				AE67DE861F752881007A3B76 /* Frameworks */,
				AE67DE871F752881007A3B76 /* Resources */,
				0EA01781974D322CE7145485 /* [CP] Embed Pods Frameworks */,
				40EEBCB812B8D3788B3D256D /* [CP] Copy Pods Resources */,
			);
			buildRules = (
			);
			dependencies = (
				AE67DE8B1F752881007A3B76 /* PBXTargetDependency */,
			);
			name = MemobirdDiaryUITests;
			productName = MemobirdDiaryUITests;
			productReference = AE67DE891F752881007A3B76 /* MemobirdDiaryUITests.xctest */;
			productType = "com.apple.product-type.bundle.ui-testing";
		};
/* End PBXNativeTarget section */

/* Begin PBXProject section */
		AE67DE5F1F752881007A3B76 /* Project object */ = {
			isa = PBXProject;
			attributes = {
				LastSwiftUpdateCheck = 0900;
				LastUpgradeCheck = 0900;
				ORGANIZATIONNAME = "Oottru Technologies";
				TargetAttributes = {
					AE67DE661F752881007A3B76 = {
						CreatedOnToolsVersion = 9.0;
						ProvisioningStyle = Automatic;
					};
					AE67DE7D1F752881007A3B76 = {
						CreatedOnToolsVersion = 9.0;
						ProvisioningStyle = Automatic;
						TestTargetID = AE67DE661F752881007A3B76;
					};
					AE67DE881F752881007A3B76 = {
						CreatedOnToolsVersion = 9.0;
						ProvisioningStyle = Automatic;
						TestTargetID = AE67DE661F752881007A3B76;
					};
				};
			};
			buildConfigurationList = AE67DE621F752881007A3B76 /* Build configuration list for PBXProject "MemobirdDiary" */;
			compatibilityVersion = "Xcode 8.0";
			developmentRegion = en;
			hasScannedForEncodings = 0;
			knownRegions = (
				en,
				Base,
			);
			mainGroup = AE67DE5E1F752881007A3B76;
			productRefGroup = AE67DE681F752881007A3B76 /* Products */;
			projectDirPath = "";
			projectRoot = "";
			targets = (
				AE67DE661F752881007A3B76 /* MemobirdDiary */,
				AE67DE7D1F752881007A3B76 /* MemobirdDiaryTests */,
				AE67DE881F752881007A3B76 /* MemobirdDiaryUITests */,
			);
		};
/* End PBXProject section */

/* Begin PBXResourcesBuildPhase section */
		AE67DE651F752881007A3B76 /* Resources */ = {
			isa = PBXResourcesBuildPhase;
			buildActionMask = 2147483647;
			files = (
				339814A01F85F60B006810D8 /* icon_plus.png in Resources */,
				33084A321FE107E2009672BC /* text_06.png in Resources */,
				33084A2F1FE107E2009672BC /* text_03.png in Resources */,
				AEEE4F1E1FEA837700231315 /* line_2.png in Resources */,
				AEEE4F0F1FEA837700231315 /* quest_sailing.png in Resources */,
				AEEE4F181FEA837700231315 /* quest_dream.png in Resources */,
				33084A1C1FE10758009672BC /* ico_complete_checked.png in Resources */,
				AEEE4F261FEA837700231315 /* im49.png in Resources */,
				AEEE4F281FEA837700231315 /* other_birthday.png in Resources */,
				AEEE4F2B1FEA837700231315 /* line_6.png in Resources */,
				AEEE4F351FEA837700231315 /* food_drinking.png in Resources */,
				AE67DE781F752881007A3B76 /* LaunchScreen.storyboard in Resources */,
				AEEE4F0C1FEA837700231315 /* im46.png in Resources */,
				AEEE4F291FEA837700231315 /* quest_bottle.png in Resources */,
				33084A2D1FE107E2009672BC /* text_01.png in Resources */,
				AEEE4F1C1FEA837700231315 /* line_5.png in Resources */,
				33084A1B1FE1074F009672BC /* ico_bold_checked.png in Resources */,
				AEEE4F341FEA837700231315 /* line_4.png in Resources */,
				AEEE4F0D1FEA837700231315 /* run_1.png in Resources */,
				AEEE4F121FEA837700231315 /* run_2.png in Resources */,
				AEEE4F141FEA837700231315 /* im39.png in Resources */,
				33084A1A1FE10747009672BC /* ico_ keyboard.png in Resources */,
				AE67DE751F752881007A3B76 /* Assets.xcassets in Resources */,
				AEEE4F041FEA837700231315 /* quest_robot.png in Resources */,
				AEEE4F0E1FEA837700231315 /* line_dash.png in Resources */,
				33084A331FE107E2009672BC /* text_07.png in Resources */,
				AEEE4F251FEA837700231315 /* line_head_bold.png in Resources */,
				AEEE4F151FEA837700231315 /* quest_telescope.png in Resources */,
				339814A21F85F60B006810D8 /* notes.png in Resources */,
				AEEE4F2A1FEA837700231315 /* bubble_graph_1.png in Resources */,
				AEEE4F051FEA837700231315 /* im50.png in Resources */,
				AEEE4F231FEA837700231315 /* im31.png in Resources */,
				339814A11F85F60B006810D8 /* minus.png in Resources */,
				AEEE4F171FEA837700231315 /* postmark_4.png in Resources */,
				AEEE4F2C1FEA837700231315 /* im45.png in Resources */,
				339814A61F85F966006810D8 /* picture-icon.png in Resources */,
				AEEE4F371FEA837700231315 /* im40.png in Resources */,
				AEEE4F2D1FEA837700231315 /* bubble_graph_4.png in Resources */,
				33084A301FE107E2009672BC /* text_04.png in Resources */,
				33084A221FE107DA009672BC /* ico_draft.png in Resources */,
				AEEE4F221FEA837700231315 /* quest_plane.png in Resources */,
				AEEE4F071FEA837700231315 /* bubble_graph_5.png in Resources */,
				AEEE4F201FEA837700231315 /* other_travel.png in Resources */,
				AEEE4F331FEA837700231315 /* im33.png in Resources */,
				33084A211FE107DA009672BC /* ico_complete_unchecked.png in Resources */,
				AEEE4F191FEA837700231315 /* bubble_graph_2.png in Resources */,
				AEEE4F271FEA837700231315 /* line_1.png in Resources */,
				AEEE4F0B1FEA837700231315 /* im36.png in Resources */,
				AEEE4F311FEA837700231315 /* postmark_3.png in Resources */,
				AEEE4F0A1FEA837700231315 /* im38.png in Resources */,
				AEEE4F161FEA837700231315 /* im47.png in Resources */,
				AEEE4F091FEA837700231315 /* food_breakfast.png in Resources */,
				AEEE4F2F1FEA837700231315 /* postmark_2.png in Resources */,
				AEEE4F061FEA837700231315 /* postmark_1.png in Resources */,
				AEEE4F321FEA837700231315 /* food_spice.png in Resources */,
				AEEE4F1F1FEA837700231315 /* other_love.png in Resources */,
				AEEE4F2E1FEA837700231315 /* food_tea.png in Resources */,
				33084A241FE107DA009672BC /* ico_right_checked.png in Resources */,
				AEEE4F241FEA837700231315 /* line_3.png in Resources */,
				AEEE4F301FEA837700231315 /* quest_rocket.png in Resources */,
				AEEE4F081FEA837700231315 /* im37.png in Resources */,
				AEEE4F1A1FEA837700231315 /* im44.png in Resources */,
				AEEE4F211FEA837700231315 /* im32.png in Resources */,
				33084A231FE107DA009672BC /* ico_right_unchecked.png in Resources */,
				AEEE4F1B1FEA837700231315 /* im35.png in Resources */,
				AEEE4F1D1FEA837700231315 /* line_dot.png in Resources */,
				AEEE4F361FEA837700231315 /* im34.png in Resources */,
				AE67DE701F752881007A3B76 /* Main.storyboard in Resources */,
				339814A41F85F70C006810D8 /* font.png in Resources */,
				33084A2E1FE107E2009672BC /* text_02.png in Resources */,
				AEEE4F111FEA837700231315 /* food_cake.png in Resources */,
				AEEE4F101FEA837700231315 /* bubble_graph_3.png in Resources */,
				33084A311FE107E2009672BC /* text_05.png in Resources */,
				AEEE4F131FEA837700231315 /* im48.png in Resources */,
			);
			runOnlyForDeploymentPostprocessing = 0;
		};
		AE67DE7C1F752881007A3B76 /* Resources */ = {
			isa = PBXResourcesBuildPhase;
			buildActionMask = 2147483647;
			files = (
			);
			runOnlyForDeploymentPostprocessing = 0;
		};
		AE67DE871F752881007A3B76 /* Resources */ = {
			isa = PBXResourcesBuildPhase;
			buildActionMask = 2147483647;
			files = (
			);
			runOnlyForDeploymentPostprocessing = 0;
		};
/* End PBXResourcesBuildPhase section */

/* Begin PBXShellScriptBuildPhase section */
		0EA01781974D322CE7145485 /* [CP] Embed Pods Frameworks */ = {
			isa = PBXShellScriptBuildPhase;
			buildActionMask = 2147483647;
			files = (
			);
			inputPaths = (
			);
			name = "[CP] Embed Pods Frameworks";
			outputPaths = (
			);
			runOnlyForDeploymentPostprocessing = 0;
			shellPath = /bin/sh;
			shellScript = "\"${SRCROOT}/Pods/Target Support Files/Pods-MemobirdDiaryUITests/Pods-MemobirdDiaryUITests-frameworks.sh\"\n";
			showEnvVarsInLog = 0;
		};
		2CC5CB62346D2BAE6ED98BD5 /* [CP] Check Pods Manifest.lock */ = {
			isa = PBXShellScriptBuildPhase;
			buildActionMask = 2147483647;
			files = (
			);
			inputPaths = (
				"${PODS_PODFILE_DIR_PATH}/Podfile.lock",
				"${PODS_ROOT}/Manifest.lock",
			);
			name = "[CP] Check Pods Manifest.lock";
			outputPaths = (
				"$(DERIVED_FILE_DIR)/Pods-MemobirdDiary-checkManifestLockResult.txt",
			);
			runOnlyForDeploymentPostprocessing = 0;
			shellPath = /bin/sh;
			shellScript = "diff \"${PODS_PODFILE_DIR_PATH}/Podfile.lock\" \"${PODS_ROOT}/Manifest.lock\" > /dev/null\nif [ $? != 0 ] ; then\n    # print error to STDERR\n    echo \"error: The sandbox is not in sync with the Podfile.lock. Run 'pod install' or update your CocoaPods installation.\" >&2\n    exit 1\nfi\n# This output is used by Xcode 'outputs' to avoid re-running this script phase.\necho \"SUCCESS\" > \"${SCRIPT_OUTPUT_FILE_0}\"\n";
			showEnvVarsInLog = 0;
		};
		3501013BB4D67C325C00387F /* [CP] Check Pods Manifest.lock */ = {
			isa = PBXShellScriptBuildPhase;
			buildActionMask = 2147483647;
			files = (
			);
			inputPaths = (
				"${PODS_PODFILE_DIR_PATH}/Podfile.lock",
				"${PODS_ROOT}/Manifest.lock",
			);
			name = "[CP] Check Pods Manifest.lock";
			outputPaths = (
				"$(DERIVED_FILE_DIR)/Pods-MemobirdDiaryUITests-checkManifestLockResult.txt",
			);
			runOnlyForDeploymentPostprocessing = 0;
			shellPath = /bin/sh;
			shellScript = "diff \"${PODS_PODFILE_DIR_PATH}/Podfile.lock\" \"${PODS_ROOT}/Manifest.lock\" > /dev/null\nif [ $? != 0 ] ; then\n    # print error to STDERR\n    echo \"error: The sandbox is not in sync with the Podfile.lock. Run 'pod install' or update your CocoaPods installation.\" >&2\n    exit 1\nfi\n# This output is used by Xcode 'outputs' to avoid re-running this script phase.\necho \"SUCCESS\" > \"${SCRIPT_OUTPUT_FILE_0}\"\n";
			showEnvVarsInLog = 0;
		};
		388125702057FDD6B082E56E /* [CP] Check Pods Manifest.lock */ = {
			isa = PBXShellScriptBuildPhase;
			buildActionMask = 2147483647;
			files = (
			);
			inputPaths = (
				"${PODS_PODFILE_DIR_PATH}/Podfile.lock",
				"${PODS_ROOT}/Manifest.lock",
			);
			name = "[CP] Check Pods Manifest.lock";
			outputPaths = (
				"$(DERIVED_FILE_DIR)/Pods-MemobirdDiaryTests-checkManifestLockResult.txt",
			);
			runOnlyForDeploymentPostprocessing = 0;
			shellPath = /bin/sh;
			shellScript = "diff \"${PODS_PODFILE_DIR_PATH}/Podfile.lock\" \"${PODS_ROOT}/Manifest.lock\" > /dev/null\nif [ $? != 0 ] ; then\n    # print error to STDERR\n    echo \"error: The sandbox is not in sync with the Podfile.lock. Run 'pod install' or update your CocoaPods installation.\" >&2\n    exit 1\nfi\n# This output is used by Xcode 'outputs' to avoid re-running this script phase.\necho \"SUCCESS\" > \"${SCRIPT_OUTPUT_FILE_0}\"\n";
			showEnvVarsInLog = 0;
		};
		40EEBCB812B8D3788B3D256D /* [CP] Copy Pods Resources */ = {
			isa = PBXShellScriptBuildPhase;
			buildActionMask = 2147483647;
			files = (
			);
			inputPaths = (
			);
			name = "[CP] Copy Pods Resources";
			outputPaths = (
			);
			runOnlyForDeploymentPostprocessing = 0;
			shellPath = /bin/sh;
			shellScript = "\"${SRCROOT}/Pods/Target Support Files/Pods-MemobirdDiaryUITests/Pods-MemobirdDiaryUITests-resources.sh\"\n";
			showEnvVarsInLog = 0;
		};
		537C83235C3608A56264F6C0 /* [CP] Copy Pods Resources */ = {
			isa = PBXShellScriptBuildPhase;
			buildActionMask = 2147483647;
			files = (
			);
			inputPaths = (
			);
			name = "[CP] Copy Pods Resources";
			outputPaths = (
			);
			runOnlyForDeploymentPostprocessing = 0;
			shellPath = /bin/sh;
			shellScript = "\"${SRCROOT}/Pods/Target Support Files/Pods-MemobirdDiaryTests/Pods-MemobirdDiaryTests-resources.sh\"\n";
			showEnvVarsInLog = 0;
		};
		8ED81919A9785A1264A9690F /* [CP] Copy Pods Resources */ = {
			isa = PBXShellScriptBuildPhase;
			buildActionMask = 2147483647;
			files = (
			);
			inputPaths = (
			);
			name = "[CP] Copy Pods Resources";
			outputPaths = (
			);
			runOnlyForDeploymentPostprocessing = 0;
			shellPath = /bin/sh;
			shellScript = "\"${SRCROOT}/Pods/Target Support Files/Pods-MemobirdDiary/Pods-MemobirdDiary-resources.sh\"\n";
			showEnvVarsInLog = 0;
		};
		A8E707D53E51172BA0D7BCC2 /* [CP] Embed Pods Frameworks */ = {
			isa = PBXShellScriptBuildPhase;
			buildActionMask = 2147483647;
			files = (
			);
			inputPaths = (
				"${SRCROOT}/Pods/Target Support Files/Pods-MemobirdDiary/Pods-MemobirdDiary-frameworks.sh",
				"${BUILT_PRODUCTS_DIR}/TouchDraw/TouchDraw.framework",
			);
			name = "[CP] Embed Pods Frameworks";
			outputPaths = (
				"${TARGET_BUILD_DIR}/${FRAMEWORKS_FOLDER_PATH}/TouchDraw.framework",
			);
			runOnlyForDeploymentPostprocessing = 0;
			shellPath = /bin/sh;
			shellScript = "\"${SRCROOT}/Pods/Target Support Files/Pods-MemobirdDiary/Pods-MemobirdDiary-frameworks.sh\"\n";
			showEnvVarsInLog = 0;
		};
		F4897289B8C3AFE74140D55F /* [CP] Embed Pods Frameworks */ = {
			isa = PBXShellScriptBuildPhase;
			buildActionMask = 2147483647;
			files = (
			);
			inputPaths = (
			);
			name = "[CP] Embed Pods Frameworks";
			outputPaths = (
			);
			runOnlyForDeploymentPostprocessing = 0;
			shellPath = /bin/sh;
			shellScript = "\"${SRCROOT}/Pods/Target Support Files/Pods-MemobirdDiaryTests/Pods-MemobirdDiaryTests-frameworks.sh\"\n";
			showEnvVarsInLog = 0;
		};
/* End PBXShellScriptBuildPhase section */

/* Begin PBXSourcesBuildPhase section */
		AE67DE631F752881007A3B76 /* Sources */ = {
			isa = PBXSourcesBuildPhase;
			buildActionMask = 2147483647;
			files = (
				AE986D331FB07BC000FCEDF7 /* ParameterAdjustmentView.swift in Sources */,
				33084A191FE1021D009672BC /* LDStickerView.swift in Sources */,
				AE986D101FB068F600FCEDF7 /* Foundation Extensions.swift in Sources */,
				AE986D301FB07BC000FCEDF7 /* LabeledSliderView.swift in Sources */,
				33C8DA431F7B6793005E4211 /* CoreDataStack.swift in Sources */,
				AEEC54281F78DB2C00050B06 /* DiaryViewController.swift in Sources */,
				AE70D1791FB4603300AAC3EB /* ResizeControl.swift in Sources */,
				AE986D291FB07A7200FCEDF7 /* ScalarFilterParameter.swift in Sources */,
				AE8E67161FB18D4100452792 /* ExportFiltersViewController.swift in Sources */,
				AE986D2A1FB07A7200FCEDF7 /* FilteredImageView.swift in Sources */,
				AE986D1A1FB0691400FCEDF7 /* Processable.swift in Sources */,
				AE70D1781FB4602D00AAC3EB /* CropRectView.swift in Sources */,
				AE986D251FB07A6900FCEDF7 /* PhotoFilterCollectionViewCell.swift in Sources */,
				33C8DA451F7B698A005E4211 /* dataModel.swift in Sources */,
				AE986D131FB0690B00FCEDF7 /* ColorControlManager.swift in Sources */,
				AE986D261FB07A6900FCEDF7 /* PhotoFilterViewController.swift in Sources */,
				AE70D17A1FB4603500AAC3EB /* UIImage+Crop.swift in Sources */,
				AE67DE6D1F752881007A3B76 /* ViewController.swift in Sources */,
				AEB677801FC2B0C200C82500 /* PreviewListViewController.swift in Sources */,
				AE70D1761FB4602000AAC3EB /* CropViewController.swift in Sources */,
				AE986D1B1FB0691400FCEDF7 /* Contrastable.swift in Sources */,
				AEEC542C1F78DB6700050B06 /* HistoryViewController.swift in Sources */,
				AE67DE731F752881007A3B76 /* MemobirdDiary.xcdatamodeld in Sources */,
				AE986D191FB0691400FCEDF7 /* Brightnessable.swift in Sources */,
				AE986D181FB0691400FCEDF7 /* Saturationable.swift in Sources */,
				AE70D1771FB4602800AAC3EB /* CropView.swift in Sources */,
				AE67DE6B1F752881007A3B76 /* AppDelegate.swift in Sources */,
				AEB677821FC2D84900C82500 /* PreviewlistTableViewCell.swift in Sources */,
			);
			runOnlyForDeploymentPostprocessing = 0;
		};
		AE67DE7A1F752881007A3B76 /* Sources */ = {
			isa = PBXSourcesBuildPhase;
			buildActionMask = 2147483647;
			files = (
				AE67DE831F752881007A3B76 /* MemobirdDiaryTests.swift in Sources */,
			);
			runOnlyForDeploymentPostprocessing = 0;
		};
		AE67DE851F752881007A3B76 /* Sources */ = {
			isa = PBXSourcesBuildPhase;
			buildActionMask = 2147483647;
			files = (
				AE67DE8E1F752881007A3B76 /* MemobirdDiaryUITests.swift in Sources */,
			);
			runOnlyForDeploymentPostprocessing = 0;
		};
/* End PBXSourcesBuildPhase section */

/* Begin PBXTargetDependency section */
		AE67DE801F752881007A3B76 /* PBXTargetDependency */ = {
			isa = PBXTargetDependency;
			target = AE67DE661F752881007A3B76 /* MemobirdDiary */;
			targetProxy = AE67DE7F1F752881007A3B76 /* PBXContainerItemProxy */;
		};
		AE67DE8B1F752881007A3B76 /* PBXTargetDependency */ = {
			isa = PBXTargetDependency;
			target = AE67DE661F752881007A3B76 /* MemobirdDiary */;
			targetProxy = AE67DE8A1F752881007A3B76 /* PBXContainerItemProxy */;
		};
/* End PBXTargetDependency section */

/* Begin PBXVariantGroup section */
		AE67DE6E1F752881007A3B76 /* Main.storyboard */ = {
			isa = PBXVariantGroup;
			children = (
				AE67DE6F1F752881007A3B76 /* Base */,
			);
			name = Main.storyboard;
			sourceTree = "<group>";
		};
		AE67DE761F752881007A3B76 /* LaunchScreen.storyboard */ = {
			isa = PBXVariantGroup;
			children = (
				AE67DE771F752881007A3B76 /* Base */,
			);
			name = LaunchScreen.storyboard;
			sourceTree = "<group>";
		};
/* End PBXVariantGroup section */

/* Begin XCBuildConfiguration section */
		AE67DE901F752881007A3B76 /* Debug */ = {
			isa = XCBuildConfiguration;
			buildSettings = {
				ALWAYS_SEARCH_USER_PATHS = NO;
				CLANG_ANALYZER_NONNULL = YES;
				CLANG_ANALYZER_NUMBER_OBJECT_CONVERSION = YES_AGGRESSIVE;
				CLANG_CXX_LANGUAGE_STANDARD = "gnu++14";
				CLANG_CXX_LIBRARY = "libc++";
				CLANG_ENABLE_MODULES = YES;
				CLANG_ENABLE_OBJC_ARC = YES;
				CLANG_WARN_BLOCK_CAPTURE_AUTORELEASING = YES;
				CLANG_WARN_BOOL_CONVERSION = YES;
				CLANG_WARN_COMMA = YES;
				CLANG_WARN_CONSTANT_CONVERSION = YES;
				CLANG_WARN_DIRECT_OBJC_ISA_USAGE = YES_ERROR;
				CLANG_WARN_DOCUMENTATION_COMMENTS = YES;
				CLANG_WARN_EMPTY_BODY = YES;
				CLANG_WARN_ENUM_CONVERSION = YES;
				CLANG_WARN_INFINITE_RECURSION = YES;
				CLANG_WARN_INT_CONVERSION = YES;
				CLANG_WARN_NON_LITERAL_NULL_CONVERSION = YES;
				CLANG_WARN_OBJC_LITERAL_CONVERSION = YES;
				CLANG_WARN_OBJC_ROOT_CLASS = YES_ERROR;
				CLANG_WARN_RANGE_LOOP_ANALYSIS = YES;
				CLANG_WARN_STRICT_PROTOTYPES = YES;
				CLANG_WARN_SUSPICIOUS_MOVE = YES;
				CLANG_WARN_UNGUARDED_AVAILABILITY = YES_AGGRESSIVE;
				CLANG_WARN_UNREACHABLE_CODE = YES;
				CLANG_WARN__DUPLICATE_METHOD_MATCH = YES;
				CODE_SIGN_IDENTITY = "iPhone Developer";
				COPY_PHASE_STRIP = NO;
				DEBUG_INFORMATION_FORMAT = dwarf;
				ENABLE_STRICT_OBJC_MSGSEND = YES;
				ENABLE_TESTABILITY = YES;
				GCC_C_LANGUAGE_STANDARD = gnu11;
				GCC_DYNAMIC_NO_PIC = NO;
				GCC_NO_COMMON_BLOCKS = YES;
				GCC_OPTIMIZATION_LEVEL = 0;
				GCC_PREPROCESSOR_DEFINITIONS = (
					"DEBUG=1",
					"$(inherited)",
				);
				GCC_WARN_64_TO_32_BIT_CONVERSION = YES;
				GCC_WARN_ABOUT_RETURN_TYPE = YES_ERROR;
				GCC_WARN_UNDECLARED_SELECTOR = YES;
				GCC_WARN_UNINITIALIZED_AUTOS = YES_AGGRESSIVE;
				GCC_WARN_UNUSED_FUNCTION = YES;
				GCC_WARN_UNUSED_VARIABLE = YES;
				IPHONEOS_DEPLOYMENT_TARGET = 10.3;
				MTL_ENABLE_DEBUG_INFO = YES;
				ONLY_ACTIVE_ARCH = YES;
				SDKROOT = iphoneos;
				SWIFT_ACTIVE_COMPILATION_CONDITIONS = DEBUG;
				SWIFT_OPTIMIZATION_LEVEL = "-Onone";
			};
			name = Debug;
		};
		AE67DE911F752881007A3B76 /* Release */ = {
			isa = XCBuildConfiguration;
			buildSettings = {
				ALWAYS_SEARCH_USER_PATHS = NO;
				CLANG_ANALYZER_NONNULL = YES;
				CLANG_ANALYZER_NUMBER_OBJECT_CONVERSION = YES_AGGRESSIVE;
				CLANG_CXX_LANGUAGE_STANDARD = "gnu++14";
				CLANG_CXX_LIBRARY = "libc++";
				CLANG_ENABLE_MODULES = YES;
				CLANG_ENABLE_OBJC_ARC = YES;
				CLANG_WARN_BLOCK_CAPTURE_AUTORELEASING = YES;
				CLANG_WARN_BOOL_CONVERSION = YES;
				CLANG_WARN_COMMA = YES;
				CLANG_WARN_CONSTANT_CONVERSION = YES;
				CLANG_WARN_DIRECT_OBJC_ISA_USAGE = YES_ERROR;
				CLANG_WARN_DOCUMENTATION_COMMENTS = YES;
				CLANG_WARN_EMPTY_BODY = YES;
				CLANG_WARN_ENUM_CONVERSION = YES;
				CLANG_WARN_INFINITE_RECURSION = YES;
				CLANG_WARN_INT_CONVERSION = YES;
				CLANG_WARN_NON_LITERAL_NULL_CONVERSION = YES;
				CLANG_WARN_OBJC_LITERAL_CONVERSION = YES;
				CLANG_WARN_OBJC_ROOT_CLASS = YES_ERROR;
				CLANG_WARN_RANGE_LOOP_ANALYSIS = YES;
				CLANG_WARN_STRICT_PROTOTYPES = YES;
				CLANG_WARN_SUSPICIOUS_MOVE = YES;
				CLANG_WARN_UNGUARDED_AVAILABILITY = YES_AGGRESSIVE;
				CLANG_WARN_UNREACHABLE_CODE = YES;
				CLANG_WARN__DUPLICATE_METHOD_MATCH = YES;
				CODE_SIGN_IDENTITY = "iPhone Developer";
				COPY_PHASE_STRIP = NO;
				DEBUG_INFORMATION_FORMAT = "dwarf-with-dsym";
				ENABLE_NS_ASSERTIONS = NO;
				ENABLE_STRICT_OBJC_MSGSEND = YES;
				GCC_C_LANGUAGE_STANDARD = gnu11;
				GCC_NO_COMMON_BLOCKS = YES;
				GCC_WARN_64_TO_32_BIT_CONVERSION = YES;
				GCC_WARN_ABOUT_RETURN_TYPE = YES_ERROR;
				GCC_WARN_UNDECLARED_SELECTOR = YES;
				GCC_WARN_UNINITIALIZED_AUTOS = YES_AGGRESSIVE;
				GCC_WARN_UNUSED_FUNCTION = YES;
				GCC_WARN_UNUSED_VARIABLE = YES;
				IPHONEOS_DEPLOYMENT_TARGET = 10.3;
				MTL_ENABLE_DEBUG_INFO = NO;
				SDKROOT = iphoneos;
				SWIFT_OPTIMIZATION_LEVEL = "-Owholemodule";
				VALIDATE_PRODUCT = YES;
			};
			name = Release;
		};
		AE67DE931F752881007A3B76 /* Debug */ = {
			isa = XCBuildConfiguration;
			baseConfigurationReference = 805962CB32113C3D17199897 /* Pods-MemobirdDiary.debug.xcconfig */;
			buildSettings = {
				ASSETCATALOG_COMPILER_APPICON_NAME = AppIcon;
				CODE_SIGN_STYLE = Automatic;
				COMPRESS_PNG_FILES = YES;
				DEVELOPMENT_TEAM = UWRJNNALTK;
				FRAMEWORK_SEARCH_PATHS = (
					"$(inherited)",
					"$(PROJECT_DIR)/MemobirdDiary",
				);
				INFOPLIST_FILE = "$(SRCROOT)/Resorces/Info.plist";
				IPHONEOS_DEPLOYMENT_TARGET = 9.0;
				LD_RUNPATH_SEARCH_PATHS = "$(inherited) @executable_path/Frameworks";
				PRODUCT_BUNDLE_IDENTIFIER = Oottru.MemobirdDiary;
				PRODUCT_NAME = "$(TARGET_NAME)";
				SWIFT_VERSION = 4.0;
				TARGETED_DEVICE_FAMILY = "1,2";
			};
			name = Debug;
		};
		AE67DE941F752881007A3B76 /* Release */ = {
			isa = XCBuildConfiguration;
			baseConfigurationReference = E095E3DE873C03ED46E5B49E /* Pods-MemobirdDiary.release.xcconfig */;
			buildSettings = {
				ASSETCATALOG_COMPILER_APPICON_NAME = AppIcon;
				CODE_SIGN_STYLE = Automatic;
				COMPRESS_PNG_FILES = YES;
				DEVELOPMENT_TEAM = UWRJNNALTK;
				FRAMEWORK_SEARCH_PATHS = (
					"$(inherited)",
					"$(PROJECT_DIR)/MemobirdDiary",
				);
				INFOPLIST_FILE = "$(SRCROOT)/Resorces/Info.plist";
				IPHONEOS_DEPLOYMENT_TARGET = 9.0;
				LD_RUNPATH_SEARCH_PATHS = "$(inherited) @executable_path/Frameworks";
				PRODUCT_BUNDLE_IDENTIFIER = Oottru.MemobirdDiary;
				PRODUCT_NAME = "$(TARGET_NAME)";
				SWIFT_VERSION = 4.0;
				TARGETED_DEVICE_FAMILY = "1,2";
			};
			name = Release;
		};
		AE67DE961F752881007A3B76 /* Debug */ = {
			isa = XCBuildConfiguration;
			baseConfigurationReference = 78174A3F4C622C4007CF8DFF /* Pods-MemobirdDiaryTests.debug.xcconfig */;
			buildSettings = {
				ALWAYS_EMBED_SWIFT_STANDARD_LIBRARIES = YES;
				BUNDLE_LOADER = "$(TEST_HOST)";
				CODE_SIGN_STYLE = Automatic;
				DEVELOPMENT_TEAM = UWRJNNALTK;
				INFOPLIST_FILE = MemobirdDiaryTests/Info.plist;
				LD_RUNPATH_SEARCH_PATHS = "$(inherited) @executable_path/Frameworks @loader_path/Frameworks";
				PRODUCT_BUNDLE_IDENTIFIER = Oottru.MemobirdDiaryTests;
				PRODUCT_NAME = "$(TARGET_NAME)";
				SWIFT_VERSION = 4.0;
				TARGETED_DEVICE_FAMILY = "1,2";
				TEST_HOST = "$(BUILT_PRODUCTS_DIR)/MemobirdDiary.app/MemobirdDiary";
			};
			name = Debug;
		};
		AE67DE971F752881007A3B76 /* Release */ = {
			isa = XCBuildConfiguration;
			baseConfigurationReference = 3B1910D447181E29744DB71B /* Pods-MemobirdDiaryTests.release.xcconfig */;
			buildSettings = {
				ALWAYS_EMBED_SWIFT_STANDARD_LIBRARIES = YES;
				BUNDLE_LOADER = "$(TEST_HOST)";
				CODE_SIGN_STYLE = Automatic;
				DEVELOPMENT_TEAM = UWRJNNALTK;
				INFOPLIST_FILE = MemobirdDiaryTests/Info.plist;
				LD_RUNPATH_SEARCH_PATHS = "$(inherited) @executable_path/Frameworks @loader_path/Frameworks";
				PRODUCT_BUNDLE_IDENTIFIER = Oottru.MemobirdDiaryTests;
				PRODUCT_NAME = "$(TARGET_NAME)";
				SWIFT_VERSION = 4.0;
				TARGETED_DEVICE_FAMILY = "1,2";
				TEST_HOST = "$(BUILT_PRODUCTS_DIR)/MemobirdDiary.app/MemobirdDiary";
			};
			name = Release;
		};
		AE67DE991F752881007A3B76 /* Debug */ = {
			isa = XCBuildConfiguration;
			baseConfigurationReference = 4021D6C4062FE3D61AF051B3 /* Pods-MemobirdDiaryUITests.debug.xcconfig */;
			buildSettings = {
				ALWAYS_EMBED_SWIFT_STANDARD_LIBRARIES = YES;
				CODE_SIGN_STYLE = Automatic;
				DEVELOPMENT_TEAM = UWRJNNALTK;
				INFOPLIST_FILE = MemobirdDiaryUITests/Info.plist;
				LD_RUNPATH_SEARCH_PATHS = "$(inherited) @executable_path/Frameworks @loader_path/Frameworks";
				PRODUCT_BUNDLE_IDENTIFIER = Oottru.MemobirdDiaryUITests;
				PRODUCT_NAME = "$(TARGET_NAME)";
				SWIFT_VERSION = 4.0;
				TARGETED_DEVICE_FAMILY = "1,2";
				TEST_TARGET_NAME = MemobirdDiary;
			};
			name = Debug;
		};
		AE67DE9A1F752881007A3B76 /* Release */ = {
			isa = XCBuildConfiguration;
			baseConfigurationReference = C18B265EF384B840DA18DF39 /* Pods-MemobirdDiaryUITests.release.xcconfig */;
			buildSettings = {
				ALWAYS_EMBED_SWIFT_STANDARD_LIBRARIES = YES;
				CODE_SIGN_STYLE = Automatic;
				DEVELOPMENT_TEAM = UWRJNNALTK;
				INFOPLIST_FILE = MemobirdDiaryUITests/Info.plist;
				LD_RUNPATH_SEARCH_PATHS = "$(inherited) @executable_path/Frameworks @loader_path/Frameworks";
				PRODUCT_BUNDLE_IDENTIFIER = Oottru.MemobirdDiaryUITests;
				PRODUCT_NAME = "$(TARGET_NAME)";
				SWIFT_VERSION = 4.0;
				TARGETED_DEVICE_FAMILY = "1,2";
				TEST_TARGET_NAME = MemobirdDiary;
			};
			name = Release;
		};
/* End XCBuildConfiguration section */

/* Begin XCConfigurationList section */
		AE67DE621F752881007A3B76 /* Build configuration list for PBXProject "MemobirdDiary" */ = {
			isa = XCConfigurationList;
			buildConfigurations = (
				AE67DE901F752881007A3B76 /* Debug */,
				AE67DE911F752881007A3B76 /* Release */,
			);
			defaultConfigurationIsVisible = 0;
			defaultConfigurationName = Release;
		};
		AE67DE921F752881007A3B76 /* Build configuration list for PBXNativeTarget "MemobirdDiary" */ = {
			isa = XCConfigurationList;
			buildConfigurations = (
				AE67DE931F752881007A3B76 /* Debug */,
				AE67DE941F752881007A3B76 /* Release */,
			);
			defaultConfigurationIsVisible = 0;
			defaultConfigurationName = Release;
		};
		AE67DE951F752881007A3B76 /* Build configuration list for PBXNativeTarget "MemobirdDiaryTests" */ = {
			isa = XCConfigurationList;
			buildConfigurations = (
				AE67DE961F752881007A3B76 /* Debug */,
				AE67DE971F752881007A3B76 /* Release */,
			);
			defaultConfigurationIsVisible = 0;
			defaultConfigurationName = Release;
		};
		AE67DE981F752881007A3B76 /* Build configuration list for PBXNativeTarget "MemobirdDiaryUITests" */ = {
			isa = XCConfigurationList;
			buildConfigurations = (
				AE67DE991F752881007A3B76 /* Debug */,
				AE67DE9A1F752881007A3B76 /* Release */,
			);
			defaultConfigurationIsVisible = 0;
			defaultConfigurationName = Release;
		};
/* End XCConfigurationList section */

/* Begin XCVersionGroup section */
		AE67DE711F752881007A3B76 /* MemobirdDiary.xcdatamodeld */ = {
			isa = XCVersionGroup;
			children = (
				AE67DE721F752881007A3B76 /* MemobirdDiary.xcdatamodel */,
			);
			currentVersion = AE67DE721F752881007A3B76 /* MemobirdDiary.xcdatamodel */;
			path = MemobirdDiary.xcdatamodeld;
			sourceTree = "<group>";
			versionGroupType = wrapper.xcdatamodel;
		};
/* End XCVersionGroup section */
	};
	rootObject = AE67DE5F1F752881007A3B76 /* Project object */;
}
